// !$*UTF8*$!
{
	archiveVersion = 1;
	classes = {
	};
	objectVersion = 46;
	objects = {

/* Begin PBXBuildFile section */
		9A02F8DB1BF8AC8C00BC136E /* HelpViewController.m in Sources */ = {isa = PBXBuildFile; fileRef = 9A02F8DA1BF8AC8C00BC136E /* HelpViewController.m */; };
		9A02F8DD1BF8ADE800BC136E /* backbutton.png in Resources */ = {isa = PBXBuildFile; fileRef = 9A02F8DC1BF8ADE800BC136E /* backbutton.png */; };
		9A02F8FD1BF8D4EB00BC136E /* bwbanner.png in Resources */ = {isa = PBXBuildFile; fileRef = 9A02F8DF1BF8D4EB00BC136E /* bwbanner.png */; };
		9A02F8FE1BF8D4EB00BC136E /* bwcartbag.png in Resources */ = {isa = PBXBuildFile; fileRef = 9A02F8E01BF8D4EB00BC136E /* bwcartbag.png */; };
		9A02F8FF1BF8D4EB00BC136E /* bwexample1.png in Resources */ = {isa = PBXBuildFile; fileRef = 9A02F8E11BF8D4EB00BC136E /* bwexample1.png */; };
		9A02F9001BF8D4EB00BC136E /* bwicon.png in Resources */ = {isa = PBXBuildFile; fileRef = 9A02F8E21BF8D4EB00BC136E /* bwicon.png */; };
		9A02F9011BF8D4EB00BC136E /* bwlogo.png in Resources */ = {isa = PBXBuildFile; fileRef = 9A02F8E31BF8D4EB00BC136E /* bwlogo.png */; };
		9A02F9021BF8D4EB00BC136E /* bwtimesign.png in Resources */ = {isa = PBXBuildFile; fileRef = 9A02F8E41BF8D4EB00BC136E /* bwtimesign.png */; };
		9A02F9031BF8D4EB00BC136E /* endnote.png in Resources */ = {isa = PBXBuildFile; fileRef = 9A02F8E51BF8D4EB00BC136E /* endnote.png */; };
		9A02F9041BF8D4EB00BC136E /* help-iPhone.html in Resources */ = {isa = PBXBuildFile; fileRef = 9A02F8E61BF8D4EB00BC136E /* help-iPhone.html */; };
		9A02F9051BF8D4EB00BC136E /* help.html in Resources */ = {isa = PBXBuildFile; fileRef = 9A02F8E71BF8D4EB00BC136E /* help.html */; };
		9A02F9061BF8D4EB00BC136E /* leftmargin-iPhone.png in Resources */ = {isa = PBXBuildFile; fileRef = 9A02F8E81BF8D4EB00BC136E /* leftmargin-iPhone.png */; };
		9A02F9071BF8D4EB00BC136E /* leftmargin.png in Resources */ = {isa = PBXBuildFile; fileRef = 9A02F8E91BF8D4EB00BC136E /* leftmargin.png */; };
		9A02F9081BF8D4EB00BC136E /* rightmargin-iPhone.png in Resources */ = {isa = PBXBuildFile; fileRef = 9A02F8EA1BF8D4EB00BC136E /* rightmargin-iPhone.png */; };
		9A02F9091BF8D4EB00BC136E /* rightmargin.png in Resources */ = {isa = PBXBuildFile; fileRef = 9A02F8EB1BF8D4EB00BC136E /* rightmargin.png */; };
		9A02F9181BF8D4EB00BC136E /* styles-iPhone.css in Resources */ = {isa = PBXBuildFile; fileRef = 9A02F8FB1BF8D4EB00BC136E /* styles-iPhone.css */; };
		9A02F9191BF8D4EB00BC136E /* styles.css in Resources */ = {isa = PBXBuildFile; fileRef = 9A02F8FC1BF8D4EB00BC136E /* styles.css */; };
		9A6DD3591C021D66007353E7 /* chime.wav in Resources */ = {isa = PBXBuildFile; fileRef = 9A6DD34E1C021D66007353E7 /* chime.wav */; };
		9A6DD35A1C021D66007353E7 /* clementine.mp3 in Resources */ = {isa = PBXBuildFile; fileRef = 9A6DD34F1C021D66007353E7 /* clementine.mp3 */; };
		9A6DD35B1C021D66007353E7 /* click.wav in Resources */ = {isa = PBXBuildFile; fileRef = 9A6DD3501C021D66007353E7 /* click.wav */; };
		9A6DD35C1C021D66007353E7 /* crash.wav in Resources */ = {isa = PBXBuildFile; fileRef = 9A6DD3511C021D66007353E7 /* crash.wav */; };
		9A6DD35D1C021D66007353E7 /* fanfare.wav in Resources */ = {isa = PBXBuildFile; fileRef = 9A6DD3521C021D66007353E7 /* fanfare.wav */; };
		9A6DD35E1C021D66007353E7 /* gong.wav in Resources */ = {isa = PBXBuildFile; fileRef = 9A6DD3531C021D66007353E7 /* gong.wav */; };
		9A6DD35F1C021D66007353E7 /* mountain.mp3 in Resources */ = {isa = PBXBuildFile; fileRef = 9A6DD3541C021D66007353E7 /* mountain.mp3 */; };
		9A6DD3601C021D66007353E7 /* sad.wav in Resources */ = {isa = PBXBuildFile; fileRef = 9A6DD3551C021D66007353E7 /* sad.wav */; };
		9A6DD3611C021D66007353E7 /* slide.wav in Resources */ = {isa = PBXBuildFile; fileRef = 9A6DD3561C021D66007353E7 /* slide.wav */; };
		9A6DD3621C021D66007353E7 /* susanna.mp3 in Resources */ = {isa = PBXBuildFile; fileRef = 9A6DD3571C021D66007353E7 /* susanna.mp3 */; };
		9A6DD3631C021D66007353E7 /* yankee.mp3 in Resources */ = {isa = PBXBuildFile; fileRef = 9A6DD3581C021D66007353E7 /* yankee.mp3 */; };
		9A6DD3661C021DFC007353E7 /* SoundPlayer.m in Sources */ = {isa = PBXBuildFile; fileRef = 9A6DD3651C021DFC007353E7 /* SoundPlayer.m */; };
		9A6DE0171BF7F23B009174C4 /* Main_iPad.storyboard in Resources */ = {isa = PBXBuildFile; fileRef = 9A6DE0151BF7F23B009174C4 /* Main_iPad.storyboard */; };
		9AA20B271C0A36B5007F4B20 /* 0.png in Resources */ = {isa = PBXBuildFile; fileRef = 9AA20B181C0A36B5007F4B20 /* 0.png */; };
		9AA20B281C0A36B5007F4B20 /* 1.png in Resources */ = {isa = PBXBuildFile; fileRef = 9AA20B191C0A36B5007F4B20 /* 1.png */; };
		9AA20B291C0A36B5007F4B20 /* 2.png in Resources */ = {isa = PBXBuildFile; fileRef = 9AA20B1A1C0A36B5007F4B20 /* 2.png */; };
		9AA20B2A1C0A36B5007F4B20 /* 3.png in Resources */ = {isa = PBXBuildFile; fileRef = 9AA20B1B1C0A36B5007F4B20 /* 3.png */; };
		9AA20B2B1C0A36B5007F4B20 /* 4.png in Resources */ = {isa = PBXBuildFile; fileRef = 9AA20B1C1C0A36B5007F4B20 /* 4.png */; };
		9AA20B2C1C0A36B5007F4B20 /* 5.png in Resources */ = {isa = PBXBuildFile; fileRef = 9AA20B1D1C0A36B5007F4B20 /* 5.png */; };
		9AA20B2D1C0A36B5007F4B20 /* 6.png in Resources */ = {isa = PBXBuildFile; fileRef = 9AA20B1E1C0A36B5007F4B20 /* 6.png */; };
		9AA20B2E1C0A36B5007F4B20 /* 7.png in Resources */ = {isa = PBXBuildFile; fileRef = 9AA20B1F1C0A36B5007F4B20 /* 7.png */; };
		9AA20B2F1C0A36B5007F4B20 /* 8.png in Resources */ = {isa = PBXBuildFile; fileRef = 9AA20B201C0A36B5007F4B20 /* 8.png */; };
		9AA20B301C0A36B5007F4B20 /* 9.png in Resources */ = {isa = PBXBuildFile; fileRef = 9AA20B211C0A36B5007F4B20 /* 9.png */; };
		9AA20B311C0A36B5007F4B20 /* gray_paper.png in Resources */ = {isa = PBXBuildFile; fileRef = 9AA20B221C0A36B5007F4B20 /* gray_paper.png */; };
		9AA20B321C0A36B5007F4B20 /* green_paper.png in Resources */ = {isa = PBXBuildFile; fileRef = 9AA20B231C0A36B5007F4B20 /* green_paper.png */; };
		9AA20B331C0A36B5007F4B20 /* levelsign.png in Resources */ = {isa = PBXBuildFile; fileRef = 9AA20B241C0A36B5007F4B20 /* levelsign.png */; };
		9AA20B341C0A36B5007F4B20 /* orange_paper.png in Resources */ = {isa = PBXBuildFile; fileRef = 9AA20B251C0A36B5007F4B20 /* orange_paper.png */; };
		9AA20B351C0A36B5007F4B20 /* plus.png in Resources */ = {isa = PBXBuildFile; fileRef = 9AA20B261C0A36B5007F4B20 /* plus.png */; };
		9ADECEAB1BF7EB4800EFD8AD /* main.m in Sources */ = {isa = PBXBuildFile; fileRef = 9ADECEAA1BF7EB4800EFD8AD /* main.m */; };
		9ADECEAE1BF7EB4800EFD8AD /* AppDelegate.m in Sources */ = {isa = PBXBuildFile; fileRef = 9ADECEAD1BF7EB4800EFD8AD /* AppDelegate.m */; };
		9ADECEB11BF7EB4800EFD8AD /* ViewController.m in Sources */ = {isa = PBXBuildFile; fileRef = 9ADECEB01BF7EB4800EFD8AD /* ViewController.m */; };
		9ADECEB41BF7EB4800EFD8AD /* Main.storyboard in Resources */ = {isa = PBXBuildFile; fileRef = 9ADECEB21BF7EB4800EFD8AD /* Main.storyboard */; };
		9ADECEB61BF7EB4800EFD8AD /* Assets.xcassets in Resources */ = {isa = PBXBuildFile; fileRef = 9ADECEB51BF7EB4800EFD8AD /* Assets.xcassets */; };
		9ADECEB91BF7EB4800EFD8AD /* LaunchScreen.storyboard in Resources */ = {isa = PBXBuildFile; fileRef = 9ADECEB71BF7EB4800EFD8AD /* LaunchScreen.storyboard */; };
		9ADECEC51BF7EC1900EFD8AD /* intro.png in Resources */ = {isa = PBXBuildFile; fileRef = 9ADECEC11BF7EC1900EFD8AD /* intro.png */; };
		9ADECEC61BF7EC1900EFD8AD /* intro@2x.png in Resources */ = {isa = PBXBuildFile; fileRef = 9ADECEC21BF7EC1900EFD8AD /* intro@2x.png */; };
		9ADECEC71BF7EC1900EFD8AD /* intro_iphone.png in Resources */ = {isa = PBXBuildFile; fileRef = 9ADECEC31BF7EC1900EFD8AD /* intro_iphone.png */; };
		9ADECEC81BF7EC1900EFD8AD /* intro_iphone@2x.png in Resources */ = {isa = PBXBuildFile; fileRef = 9ADECEC41BF7EC1900EFD8AD /* intro_iphone@2x.png */; };
		9ADECED11BF7EC8300EFD8AD /* checkbox.png in Resources */ = {isa = PBXBuildFile; fileRef = 9ADECEC91BF7EC8300EFD8AD /* checkbox.png */; };
		9ADECED21BF7EC8300EFD8AD /* helpbutton.png in Resources */ = {isa = PBXBuildFile; fileRef = 9ADECECA1BF7EC8300EFD8AD /* helpbutton.png */; };
		9ADECED31BF7EC8300EFD8AD /* letter_e.png in Resources */ = {isa = PBXBuildFile; fileRef = 9ADECECB1BF7EC8300EFD8AD /* letter_e.png */; };
		9ADECED41BF7EC8300EFD8AD /* letter_f.png in Resources */ = {isa = PBXBuildFile; fileRef = 9ADECECC1BF7EC8300EFD8AD /* letter_f.png */; };
		9ADECED51BF7EC8300EFD8AD /* letter_h.png in Resources */ = {isa = PBXBuildFile; fileRef = 9ADECECD1BF7EC8300EFD8AD /* letter_h.png */; };
		9ADECED61BF7EC8300EFD8AD /* letter_l.png in Resources */ = {isa = PBXBuildFile; fileRef = 9ADECECE1BF7EC8300EFD8AD /* letter_l.png */; };
		9ADECED71BF7EC8300EFD8AD /* letter_s.png in Resources */ = {isa = PBXBuildFile; fileRef = 9ADECECF1BF7EC8300EFD8AD /* letter_s.png */; };
		9ADECED81BF7EC8300EFD8AD /* letter_u.png in Resources */ = {isa = PBXBuildFile; fileRef = 9ADECED01BF7EC8300EFD8AD /* letter_u.png */; };
		9ADECEDC1BF7ED0C00EFD8AD /* musicbutton.png in Resources */ = {isa = PBXBuildFile; fileRef = 9ADECED91BF7ED0C00EFD8AD /* musicbutton.png */; };
		9ADECEDD1BF7ED0C00EFD8AD /* playbutton.png in Resources */ = {isa = PBXBuildFile; fileRef = 9ADECEDA1BF7ED0C00EFD8AD /* playbutton.png */; };
		9ADECEDE1BF7ED0C00EFD8AD /* raillogo.png in Resources */ = {isa = PBXBuildFile; fileRef = 9ADECEDB1BF7ED0C00EFD8AD /* raillogo.png */; };
/* End PBXBuildFile section */

/* Begin PBXFileReference section */
		9A02F8D91BF8AC8C00BC136E /* HelpViewController.h */ = {isa = PBXFileReference; fileEncoding = 4; lastKnownFileType = sourcecode.c.h; path = HelpViewController.h; sourceTree = "<group>"; };
		9A02F8DA1BF8AC8C00BC136E /* HelpViewController.m */ = {isa = PBXFileReference; fileEncoding = 4; lastKnownFileType = sourcecode.c.objc; path = HelpViewController.m; sourceTree = "<group>"; };
		9A02F8DC1BF8ADE800BC136E /* backbutton.png */ = {isa = PBXFileReference; lastKnownFileType = image.png; path = backbutton.png; sourceTree = "<group>"; };
		9A02F8DF1BF8D4EB00BC136E /* bwbanner.png */ = {isa = PBXFileReference; lastKnownFileType = image.png; path = bwbanner.png; sourceTree = "<group>"; };
		9A02F8E01BF8D4EB00BC136E /* bwcartbag.png */ = {isa = PBXFileReference; lastKnownFileType = image.png; path = bwcartbag.png; sourceTree = "<group>"; };
		9A02F8E11BF8D4EB00BC136E /* bwexample1.png */ = {isa = PBXFileReference; lastKnownFileType = image.png; path = bwexample1.png; sourceTree = "<group>"; };
		9A02F8E21BF8D4EB00BC136E /* bwicon.png */ = {isa = PBXFileReference; lastKnownFileType = image.png; path = bwicon.png; sourceTree = "<group>"; };
		9A02F8E31BF8D4EB00BC136E /* bwlogo.png */ = {isa = PBXFileReference; lastKnownFileType = image.png; path = bwlogo.png; sourceTree = "<group>"; };
		9A02F8E41BF8D4EB00BC136E /* bwtimesign.png */ = {isa = PBXFileReference; lastKnownFileType = image.png; path = bwtimesign.png; sourceTree = "<group>"; };
		9A02F8E51BF8D4EB00BC136E /* endnote.png */ = {isa = PBXFileReference; lastKnownFileType = image.png; path = endnote.png; sourceTree = "<group>"; };
		9A02F8E61BF8D4EB00BC136E /* help-iPhone.html */ = {isa = PBXFileReference; fileEncoding = 4; lastKnownFileType = text.html; path = "help-iPhone.html"; sourceTree = "<group>"; };
		9A02F8E71BF8D4EB00BC136E /* help.html */ = {isa = PBXFileReference; fileEncoding = 4; lastKnownFileType = text.html; path = help.html; sourceTree = "<group>"; };
		9A02F8E81BF8D4EB00BC136E /* leftmargin-iPhone.png */ = {isa = PBXFileReference; lastKnownFileType = image.png; path = "leftmargin-iPhone.png"; sourceTree = "<group>"; };
		9A02F8E91BF8D4EB00BC136E /* leftmargin.png */ = {isa = PBXFileReference; lastKnownFileType = image.png; path = leftmargin.png; sourceTree = "<group>"; };
		9A02F8EA1BF8D4EB00BC136E /* rightmargin-iPhone.png */ = {isa = PBXFileReference; lastKnownFileType = image.png; path = "rightmargin-iPhone.png"; sourceTree = "<group>"; };
		9A02F8EB1BF8D4EB00BC136E /* rightmargin.png */ = {isa = PBXFileReference; lastKnownFileType = image.png; path = rightmargin.png; sourceTree = "<group>"; };
		9A02F8FB1BF8D4EB00BC136E /* styles-iPhone.css */ = {isa = PBXFileReference; fileEncoding = 4; lastKnownFileType = text.css; path = "styles-iPhone.css"; sourceTree = "<group>"; };
		9A02F8FC1BF8D4EB00BC136E /* styles.css */ = {isa = PBXFileReference; fileEncoding = 4; lastKnownFileType = text.css; path = styles.css; sourceTree = "<group>"; };
		9A6DD34E1C021D66007353E7 /* chime.wav */ = {isa = PBXFileReference; lastKnownFileType = audio.wav; path = chime.wav; sourceTree = "<group>"; };
		9A6DD34F1C021D66007353E7 /* clementine.mp3 */ = {isa = PBXFileReference; lastKnownFileType = audio.mp3; path = clementine.mp3; sourceTree = "<group>"; };
		9A6DD3501C021D66007353E7 /* click.wav */ = {isa = PBXFileReference; lastKnownFileType = audio.wav; path = click.wav; sourceTree = "<group>"; };
		9A6DD3511C021D66007353E7 /* crash.wav */ = {isa = PBXFileReference; lastKnownFileType = audio.wav; path = crash.wav; sourceTree = "<group>"; };
		9A6DD3521C021D66007353E7 /* fanfare.wav */ = {isa = PBXFileReference; lastKnownFileType = audio.wav; path = fanfare.wav; sourceTree = "<group>"; };
		9A6DD3531C021D66007353E7 /* gong.wav */ = {isa = PBXFileReference; lastKnownFileType = audio.wav; path = gong.wav; sourceTree = "<group>"; };
		9A6DD3541C021D66007353E7 /* mountain.mp3 */ = {isa = PBXFileReference; lastKnownFileType = audio.mp3; path = mountain.mp3; sourceTree = "<group>"; };
		9A6DD3551C021D66007353E7 /* sad.wav */ = {isa = PBXFileReference; lastKnownFileType = audio.wav; path = sad.wav; sourceTree = "<group>"; };
		9A6DD3561C021D66007353E7 /* slide.wav */ = {isa = PBXFileReference; lastKnownFileType = audio.wav; path = slide.wav; sourceTree = "<group>"; };
		9A6DD3571C021D66007353E7 /* susanna.mp3 */ = {isa = PBXFileReference; lastKnownFileType = audio.mp3; path = susanna.mp3; sourceTree = "<group>"; };
		9A6DD3581C021D66007353E7 /* yankee.mp3 */ = {isa = PBXFileReference; lastKnownFileType = audio.mp3; path = yankee.mp3; sourceTree = "<group>"; };
		9A6DD3641C021DFC007353E7 /* SoundPlayer.h */ = {isa = PBXFileReference; fileEncoding = 4; lastKnownFileType = sourcecode.c.h; path = SoundPlayer.h; sourceTree = "<group>"; };
		9A6DD3651C021DFC007353E7 /* SoundPlayer.m */ = {isa = PBXFileReference; fileEncoding = 4; lastKnownFileType = sourcecode.c.objc; path = SoundPlayer.m; sourceTree = "<group>"; };
		9A6DE0161BF7F23B009174C4 /* Base */ = {isa = PBXFileReference; lastKnownFileType = file.storyboard; name = Base; path = Base.lproj/Main_iPad.storyboard; sourceTree = "<group>"; };
		9AA20B181C0A36B5007F4B20 /* 0.png */ = {isa = PBXFileReference; lastKnownFileType = image.png; path = 0.png; sourceTree = "<group>"; };
		9AA20B191C0A36B5007F4B20 /* 1.png */ = {isa = PBXFileReference; lastKnownFileType = image.png; path = 1.png; sourceTree = "<group>"; };
		9AA20B1A1C0A36B5007F4B20 /* 2.png */ = {isa = PBXFileReference; lastKnownFileType = image.png; path = 2.png; sourceTree = "<group>"; };
		9AA20B1B1C0A36B5007F4B20 /* 3.png */ = {isa = PBXFileReference; lastKnownFileType = image.png; path = 3.png; sourceTree = "<group>"; };
		9AA20B1C1C0A36B5007F4B20 /* 4.png */ = {isa = PBXFileReference; lastKnownFileType = image.png; path = 4.png; sourceTree = "<group>"; };
		9AA20B1D1C0A36B5007F4B20 /* 5.png */ = {isa = PBXFileReference; lastKnownFileType = image.png; path = 5.png; sourceTree = "<group>"; };
		9AA20B1E1C0A36B5007F4B20 /* 6.png */ = {isa = PBXFileReference; lastKnownFileType = image.png; path = 6.png; sourceTree = "<group>"; };
		9AA20B1F1C0A36B5007F4B20 /* 7.png */ = {isa = PBXFileReference; lastKnownFileType = image.png; path = 7.png; sourceTree = "<group>"; };
		9AA20B201C0A36B5007F4B20 /* 8.png */ = {isa = PBXFileReference; lastKnownFileType = image.png; path = 8.png; sourceTree = "<group>"; };
		9AA20B211C0A36B5007F4B20 /* 9.png */ = {isa = PBXFileReference; lastKnownFileType = image.png; path = 9.png; sourceTree = "<group>"; };
		9AA20B221C0A36B5007F4B20 /* gray_paper.png */ = {isa = PBXFileReference; lastKnownFileType = image.png; path = gray_paper.png; sourceTree = "<group>"; };
		9AA20B231C0A36B5007F4B20 /* green_paper.png */ = {isa = PBXFileReference; lastKnownFileType = image.png; path = green_paper.png; sourceTree = "<group>"; };
		9AA20B241C0A36B5007F4B20 /* levelsign.png */ = {isa = PBXFileReference; lastKnownFileType = image.png; path = levelsign.png; sourceTree = "<group>"; };
		9AA20B251C0A36B5007F4B20 /* orange_paper.png */ = {isa = PBXFileReference; lastKnownFileType = image.png; path = orange_paper.png; sourceTree = "<group>"; };
		9AA20B261C0A36B5007F4B20 /* plus.png */ = {isa = PBXFileReference; lastKnownFileType = image.png; path = plus.png; sourceTree = "<group>"; };
		9ADECEA61BF7EB4800EFD8AD /* RailShuffle.app */ = {isa = PBXFileReference; explicitFileType = wrapper.application; includeInIndex = 0; path = RailShuffle.app; sourceTree = BUILT_PRODUCTS_DIR; };
		9ADECEAA1BF7EB4800EFD8AD /* main.m */ = {isa = PBXFileReference; lastKnownFileType = sourcecode.c.objc; path = main.m; sourceTree = "<group>"; };
		9ADECEAC1BF7EB4800EFD8AD /* AppDelegate.h */ = {isa = PBXFileReference; lastKnownFileType = sourcecode.c.h; path = AppDelegate.h; sourceTree = "<group>"; };
		9ADECEAD1BF7EB4800EFD8AD /* AppDelegate.m */ = {isa = PBXFileReference; lastKnownFileType = sourcecode.c.objc; path = AppDelegate.m; sourceTree = "<group>"; };
		9ADECEAF1BF7EB4800EFD8AD /* ViewController.h */ = {isa = PBXFileReference; lastKnownFileType = sourcecode.c.h; path = ViewController.h; sourceTree = "<group>"; };
		9ADECEB01BF7EB4800EFD8AD /* ViewController.m */ = {isa = PBXFileReference; lastKnownFileType = sourcecode.c.objc; path = ViewController.m; sourceTree = "<group>"; };
		9ADECEB31BF7EB4800EFD8AD /* Base */ = {isa = PBXFileReference; lastKnownFileType = file.storyboard; name = Base; path = Base.lproj/Main.storyboard; sourceTree = "<group>"; };
		9ADECEB51BF7EB4800EFD8AD /* Assets.xcassets */ = {isa = PBXFileReference; lastKnownFileType = folder.assetcatalog; path = Assets.xcassets; sourceTree = "<group>"; };
		9ADECEB81BF7EB4800EFD8AD /* Base */ = {isa = PBXFileReference; lastKnownFileType = file.storyboard; name = Base; path = Base.lproj/LaunchScreen.storyboard; sourceTree = "<group>"; };
		9ADECEBA1BF7EB4800EFD8AD /* Info.plist */ = {isa = PBXFileReference; lastKnownFileType = text.plist.xml; path = Info.plist; sourceTree = "<group>"; };
		9ADECEC11BF7EC1900EFD8AD /* intro.png */ = {isa = PBXFileReference; lastKnownFileType = image.png; path = intro.png; sourceTree = "<group>"; };
		9ADECEC21BF7EC1900EFD8AD /* intro@2x.png */ = {isa = PBXFileReference; lastKnownFileType = image.png; path = "intro@2x.png"; sourceTree = "<group>"; };
		9ADECEC31BF7EC1900EFD8AD /* intro_iphone.png */ = {isa = PBXFileReference; lastKnownFileType = image.png; path = intro_iphone.png; sourceTree = "<group>"; };
		9ADECEC41BF7EC1900EFD8AD /* intro_iphone@2x.png */ = {isa = PBXFileReference; lastKnownFileType = image.png; path = "intro_iphone@2x.png"; sourceTree = "<group>"; };
		9ADECEC91BF7EC8300EFD8AD /* checkbox.png */ = {isa = PBXFileReference; lastKnownFileType = image.png; path = checkbox.png; sourceTree = "<group>"; };
		9ADECECA1BF7EC8300EFD8AD /* helpbutton.png */ = {isa = PBXFileReference; lastKnownFileType = image.png; path = helpbutton.png; sourceTree = "<group>"; };
		9ADECECB1BF7EC8300EFD8AD /* letter_e.png */ = {isa = PBXFileReference; lastKnownFileType = image.png; path = letter_e.png; sourceTree = "<group>"; };
		9ADECECC1BF7EC8300EFD8AD /* letter_f.png */ = {isa = PBXFileReference; lastKnownFileType = image.png; path = letter_f.png; sourceTree = "<group>"; };
		9ADECECD1BF7EC8300EFD8AD /* letter_h.png */ = {isa = PBXFileReference; lastKnownFileType = image.png; path = letter_h.png; sourceTree = "<group>"; };
		9ADECECE1BF7EC8300EFD8AD /* letter_l.png */ = {isa = PBXFileReference; lastKnownFileType = image.png; path = letter_l.png; sourceTree = "<group>"; };
		9ADECECF1BF7EC8300EFD8AD /* letter_s.png */ = {isa = PBXFileReference; lastKnownFileType = image.png; path = letter_s.png; sourceTree = "<group>"; };
		9ADECED01BF7EC8300EFD8AD /* letter_u.png */ = {isa = PBXFileReference; lastKnownFileType = image.png; path = letter_u.png; sourceTree = "<group>"; };
		9ADECED91BF7ED0C00EFD8AD /* musicbutton.png */ = {isa = PBXFileReference; lastKnownFileType = image.png; path = musicbutton.png; sourceTree = "<group>"; };
		9ADECEDA1BF7ED0C00EFD8AD /* playbutton.png */ = {isa = PBXFileReference; lastKnownFileType = image.png; path = playbutton.png; sourceTree = "<group>"; };
		9ADECEDB1BF7ED0C00EFD8AD /* raillogo.png */ = {isa = PBXFileReference; lastKnownFileType = image.png; path = raillogo.png; sourceTree = "<group>"; };
/* End PBXFileReference section */

/* Begin PBXFrameworksBuildPhase section */
		9ADECEA31BF7EB4800EFD8AD /* Frameworks */ = {
			isa = PBXFrameworksBuildPhase;
			buildActionMask = 2147483647;
			files = (
			);
			runOnlyForDeploymentPostprocessing = 0;
		};
/* End PBXFrameworksBuildPhase section */

/* Begin PBXGroup section */
		9A02F8DE1BF8D4EB00BC136E /* HTML */ = {
			isa = PBXGroup;
			children = (
				9A02F8DF1BF8D4EB00BC136E /* bwbanner.png */,
				9A02F8E01BF8D4EB00BC136E /* bwcartbag.png */,
				9A02F8E11BF8D4EB00BC136E /* bwexample1.png */,
				9A02F8E21BF8D4EB00BC136E /* bwicon.png */,
				9A02F8E31BF8D4EB00BC136E /* bwlogo.png */,
				9A02F8E41BF8D4EB00BC136E /* bwtimesign.png */,
				9A02F8E51BF8D4EB00BC136E /* endnote.png */,
				9A02F8E61BF8D4EB00BC136E /* help-iPhone.html */,
				9A02F8E71BF8D4EB00BC136E /* help.html */,
				9A02F8E81BF8D4EB00BC136E /* leftmargin-iPhone.png */,
				9A02F8E91BF8D4EB00BC136E /* leftmargin.png */,
				9A02F8EA1BF8D4EB00BC136E /* rightmargin-iPhone.png */,
				9A02F8EB1BF8D4EB00BC136E /* rightmargin.png */,
				9A02F8FB1BF8D4EB00BC136E /* styles-iPhone.css */,
				9A02F8FC1BF8D4EB00BC136E /* styles.css */,
			);
			path = HTML;
			sourceTree = "<group>";
		};
		9A6DD34D1C021D66007353E7 /* sound */ = {
			isa = PBXGroup;
			children = (
				9A6DD34E1C021D66007353E7 /* chime.wav */,
				9A6DD34F1C021D66007353E7 /* clementine.mp3 */,
				9A6DD3501C021D66007353E7 /* click.wav */,
				9A6DD3511C021D66007353E7 /* crash.wav */,
				9A6DD3521C021D66007353E7 /* fanfare.wav */,
				9A6DD3531C021D66007353E7 /* gong.wav */,
				9A6DD3541C021D66007353E7 /* mountain.mp3 */,
				9A6DD3551C021D66007353E7 /* sad.wav */,
				9A6DD3561C021D66007353E7 /* slide.wav */,
				9A6DD3571C021D66007353E7 /* susanna.mp3 */,
				9A6DD3581C021D66007353E7 /* yankee.mp3 */,
			);
			path = sound;
			sourceTree = "<group>";
		};
		9ADECE9D1BF7EB4800EFD8AD = {
			isa = PBXGroup;
			children = (
				9ADECEA81BF7EB4800EFD8AD /* RailShuffle */,
				9ADECEA71BF7EB4800EFD8AD /* Products */,
			);
			sourceTree = "<group>";
		};
		9ADECEA71BF7EB4800EFD8AD /* Products */ = {
			isa = PBXGroup;
			children = (
				9ADECEA61BF7EB4800EFD8AD /* RailShuffle.app */,
			);
			name = Products;
			sourceTree = "<group>";
		};
		9ADECEA81BF7EB4800EFD8AD /* RailShuffle */ = {
			isa = PBXGroup;
			children = (
				9A6DD34D1C021D66007353E7 /* sound */,
				9A02F8DE1BF8D4EB00BC136E /* HTML */,
				9ADECEC01BF7EC1900EFD8AD /* images */,
				9ADECEAC1BF7EB4800EFD8AD /* AppDelegate.h */,
				9ADECEAD1BF7EB4800EFD8AD /* AppDelegate.m */,
				9ADECEAF1BF7EB4800EFD8AD /* ViewController.h */,
				9ADECEB01BF7EB4800EFD8AD /* ViewController.m */,
				9A02F8D91BF8AC8C00BC136E /* HelpViewController.h */,
				9A02F8DA1BF8AC8C00BC136E /* HelpViewController.m */,
				9A6DD3641C021DFC007353E7 /* SoundPlayer.h */,
				9A6DD3651C021DFC007353E7 /* SoundPlayer.m */,
				9ADECEB21BF7EB4800EFD8AD /* Main.storyboard */,
				9A6DE0151BF7F23B009174C4 /* Main_iPad.storyboard */,
				9ADECEB51BF7EB4800EFD8AD /* Assets.xcassets */,
				9ADECEB71BF7EB4800EFD8AD /* LaunchScreen.storyboard */,
				9ADECEBA1BF7EB4800EFD8AD /* Info.plist */,
				9ADECEA91BF7EB4800EFD8AD /* Supporting Files */,
			);
			path = RailShuffle;
			sourceTree = "<group>";
		};
		9ADECEA91BF7EB4800EFD8AD /* Supporting Files */ = {
			isa = PBXGroup;
			children = (
				9ADECEAA1BF7EB4800EFD8AD /* main.m */,
			);
			name = "Supporting Files";
			sourceTree = "<group>";
		};
		9ADECEC01BF7EC1900EFD8AD /* images */ = {
			isa = PBXGroup;
			children = (
				9AA20B181C0A36B5007F4B20 /* 0.png */,
				9AA20B191C0A36B5007F4B20 /* 1.png */,
				9AA20B1A1C0A36B5007F4B20 /* 2.png */,
				9AA20B1B1C0A36B5007F4B20 /* 3.png */,
				9AA20B1C1C0A36B5007F4B20 /* 4.png */,
				9AA20B1D1C0A36B5007F4B20 /* 5.png */,
				9AA20B1E1C0A36B5007F4B20 /* 6.png */,
				9AA20B1F1C0A36B5007F4B20 /* 7.png */,
				9AA20B201C0A36B5007F4B20 /* 8.png */,
				9AA20B211C0A36B5007F4B20 /* 9.png */,
				9AA20B221C0A36B5007F4B20 /* gray_paper.png */,
				9AA20B231C0A36B5007F4B20 /* green_paper.png */,
				9AA20B241C0A36B5007F4B20 /* levelsign.png */,
				9AA20B251C0A36B5007F4B20 /* orange_paper.png */,
				9AA20B261C0A36B5007F4B20 /* plus.png */,
				9A02F8DC1BF8ADE800BC136E /* backbutton.png */,
				9ADECED91BF7ED0C00EFD8AD /* musicbutton.png */,
				9ADECEDA1BF7ED0C00EFD8AD /* playbutton.png */,
				9ADECEDB1BF7ED0C00EFD8AD /* raillogo.png */,
				9ADECEC91BF7EC8300EFD8AD /* checkbox.png */,
				9ADECECA1BF7EC8300EFD8AD /* helpbutton.png */,
				9ADECECB1BF7EC8300EFD8AD /* letter_e.png */,
				9ADECECC1BF7EC8300EFD8AD /* letter_f.png */,
				9ADECECD1BF7EC8300EFD8AD /* letter_h.png */,
				9ADECECE1BF7EC8300EFD8AD /* letter_l.png */,
				9ADECECF1BF7EC8300EFD8AD /* letter_s.png */,
				9ADECED01BF7EC8300EFD8AD /* letter_u.png */,
				9ADECEC11BF7EC1900EFD8AD /* intro.png */,
				9ADECEC21BF7EC1900EFD8AD /* intro@2x.png */,
				9ADECEC31BF7EC1900EFD8AD /* intro_iphone.png */,
				9ADECEC41BF7EC1900EFD8AD /* intro_iphone@2x.png */,
			);
			path = images;
			sourceTree = "<group>";
		};
/* End PBXGroup section */

/* Begin PBXNativeTarget section */
		9ADECEA51BF7EB4800EFD8AD /* RailShuffle */ = {
			isa = PBXNativeTarget;
			buildConfigurationList = 9ADECEBD1BF7EB4800EFD8AD /* Build configuration list for PBXNativeTarget "RailShuffle" */;
			buildPhases = (
				9ADECEA21BF7EB4800EFD8AD /* Sources */,
				9ADECEA31BF7EB4800EFD8AD /* Frameworks */,
				9ADECEA41BF7EB4800EFD8AD /* Resources */,
			);
			buildRules = (
			);
			dependencies = (
			);
			name = RailShuffle;
			productName = RailShuffle;
			productReference = 9ADECEA61BF7EB4800EFD8AD /* RailShuffle.app */;
			productType = "com.apple.product-type.application";
		};
/* End PBXNativeTarget section */

/* Begin PBXProject section */
		9ADECE9E1BF7EB4800EFD8AD /* Project object */ = {
			isa = PBXProject;
			attributes = {
				LastUpgradeCheck = 0710;
				ORGANIZATIONNAME = Karl;
				TargetAttributes = {
					9ADECEA51BF7EB4800EFD8AD = {
						CreatedOnToolsVersion = 7.1;
					};
				};
			};
			buildConfigurationList = 9ADECEA11BF7EB4800EFD8AD /* Build configuration list for PBXProject "RailShuffle" */;
			compatibilityVersion = "Xcode 3.2";
			developmentRegion = English;
			hasScannedForEncodings = 0;
			knownRegions = (
				en,
				Base,
			);
			mainGroup = 9ADECE9D1BF7EB4800EFD8AD;
			productRefGroup = 9ADECEA71BF7EB4800EFD8AD /* Products */;
			projectDirPath = "";
			projectRoot = "";
			targets = (
				9ADECEA51BF7EB4800EFD8AD /* RailShuffle */,
			);
		};
/* End PBXProject section */

/* Begin PBXResourcesBuildPhase section */
		9ADECEA41BF7EB4800EFD8AD /* Resources */ = {
			isa = PBXResourcesBuildPhase;
			buildActionMask = 2147483647;
			files = (
				9AA20B2F1C0A36B5007F4B20 /* 8.png in Resources */,
				9A6DD3601C021D66007353E7 /* sad.wav in Resources */,
				9A02F9041BF8D4EB00BC136E /* help-iPhone.html in Resources */,
				9ADECEC81BF7EC1900EFD8AD /* intro_iphone@2x.png in Resources */,
				9ADECEDD1BF7ED0C00EFD8AD /* playbutton.png in Resources */,
				9A6DD35C1C021D66007353E7 /* crash.wav in Resources */,
				9A6DD35A1C021D66007353E7 /* clementine.mp3 in Resources */,
				9A6DD3621C021D66007353E7 /* susanna.mp3 in Resources */,
				9A6DD3631C021D66007353E7 /* yankee.mp3 in Resources */,
				9AA20B301C0A36B5007F4B20 /* 9.png in Resources */,
				9A6DE0171BF7F23B009174C4 /* Main_iPad.storyboard in Resources */,
				9AA20B281C0A36B5007F4B20 /* 1.png in Resources */,
				9ADECEC51BF7EC1900EFD8AD /* intro.png in Resources */,
				9ADECED81BF7EC8300EFD8AD /* letter_u.png in Resources */,
				9A6DD35E1C021D66007353E7 /* gong.wav in Resources */,
				9A02F8FE1BF8D4EB00BC136E /* bwcartbag.png in Resources */,
				9ADECED51BF7EC8300EFD8AD /* letter_h.png in Resources */,
				9A02F9071BF8D4EB00BC136E /* leftmargin.png in Resources */,
				9ADECEB91BF7EB4800EFD8AD /* LaunchScreen.storyboard in Resources */,
				9ADECEB61BF7EB4800EFD8AD /* Assets.xcassets in Resources */,
				9A02F9091BF8D4EB00BC136E /* rightmargin.png in Resources */,
				9A02F9011BF8D4EB00BC136E /* bwlogo.png in Resources */,
				9ADECED71BF7EC8300EFD8AD /* letter_s.png in Resources */,
				9AA20B331C0A36B5007F4B20 /* levelsign.png in Resources */,
				9AA20B2B1C0A36B5007F4B20 /* 4.png in Resources */,
				9ADECED41BF7EC8300EFD8AD /* letter_f.png in Resources */,
				9A02F9051BF8D4EB00BC136E /* help.html in Resources */,
				9A02F8DD1BF8ADE800BC136E /* backbutton.png in Resources */,
				9A02F9191BF8D4EB00BC136E /* styles.css in Resources */,
				9A6DD35F1C021D66007353E7 /* mountain.mp3 in Resources */,
				9AA20B2E1C0A36B5007F4B20 /* 7.png in Resources */,
				9ADECEC61BF7EC1900EFD8AD /* intro@2x.png in Resources */,
				9ADECEDE1BF7ED0C00EFD8AD /* raillogo.png in Resources */,
				9ADECEB41BF7EB4800EFD8AD /* Main.storyboard in Resources */,
				9AA20B351C0A36B5007F4B20 /* plus.png in Resources */,
				9A6DD3611C021D66007353E7 /* slide.wav in Resources */,
				9AA20B291C0A36B5007F4B20 /* 2.png in Resources */,
				9A02F9021BF8D4EB00BC136E /* bwtimesign.png in Resources */,
				9A02F9031BF8D4EB00BC136E /* endnote.png in Resources */,
				9AA20B2D1C0A36B5007F4B20 /* 6.png in Resources */,
				9AA20B321C0A36B5007F4B20 /* green_paper.png in Resources */,
				9A02F9081BF8D4EB00BC136E /* rightmargin-iPhone.png in Resources */,
				9A02F8FD1BF8D4EB00BC136E /* bwbanner.png in Resources */,
				9ADECED11BF7EC8300EFD8AD /* checkbox.png in Resources */,
				9AA20B2C1C0A36B5007F4B20 /* 5.png in Resources */,
				9ADECED31BF7EC8300EFD8AD /* letter_e.png in Resources */,
				9A6DD3591C021D66007353E7 /* chime.wav in Resources */,
				9A6DD35B1C021D66007353E7 /* click.wav in Resources */,
				9A02F8FF1BF8D4EB00BC136E /* bwexample1.png in Resources */,
				9AA20B271C0A36B5007F4B20 /* 0.png in Resources */,
				9AA20B311C0A36B5007F4B20 /* gray_paper.png in Resources */,
				9ADECED21BF7EC8300EFD8AD /* helpbutton.png in Resources */,
				9A02F9061BF8D4EB00BC136E /* leftmargin-iPhone.png in Resources */,
				9A6DD35D1C021D66007353E7 /* fanfare.wav in Resources */,
				9ADECED61BF7EC8300EFD8AD /* letter_l.png in Resources */,
				9AA20B2A1C0A36B5007F4B20 /* 3.png in Resources */,
				9ADECEC71BF7EC1900EFD8AD /* intro_iphone.png in Resources */,
				9A02F9181BF8D4EB00BC136E /* styles-iPhone.css in Resources */,
				9ADECEDC1BF7ED0C00EFD8AD /* musicbutton.png in Resources */,
				9AA20B341C0A36B5007F4B20 /* orange_paper.png in Resources */,
				9A02F9001BF8D4EB00BC136E /* bwicon.png in Resources */,
			);
			runOnlyForDeploymentPostprocessing = 0;
		};
/* End PBXResourcesBuildPhase section */

/* Begin PBXSourcesBuildPhase section */
		9ADECEA21BF7EB4800EFD8AD /* Sources */ = {
			isa = PBXSourcesBuildPhase;
			buildActionMask = 2147483647;
			files = (
				9ADECEB11BF7EB4800EFD8AD /* ViewController.m in Sources */,
				9ADECEAE1BF7EB4800EFD8AD /* AppDelegate.m in Sources */,
				9ADECEAB1BF7EB4800EFD8AD /* main.m in Sources */,
				9A6DD3661C021DFC007353E7 /* SoundPlayer.m in Sources */,
				9A02F8DB1BF8AC8C00BC136E /* HelpViewController.m in Sources */,
			);
			runOnlyForDeploymentPostprocessing = 0;
		};
/* End PBXSourcesBuildPhase section */

/* Begin PBXVariantGroup section */
		9A6DE0151BF7F23B009174C4 /* Main_iPad.storyboard */ = {
			isa = PBXVariantGroup;
			children = (
				9A6DE0161BF7F23B009174C4 /* Base */,
			);
			name = Main_iPad.storyboard;
			sourceTree = "<group>";
		};
		9ADECEB21BF7EB4800EFD8AD /* Main.storyboard */ = {
			isa = PBXVariantGroup;
			children = (
				9ADECEB31BF7EB4800EFD8AD /* Base */,
			);
			name = Main.storyboard;
			sourceTree = "<group>";
		};
		9ADECEB71BF7EB4800EFD8AD /* LaunchScreen.storyboard */ = {
			isa = PBXVariantGroup;
			children = (
				9ADECEB81BF7EB4800EFD8AD /* Base */,
			);
			name = LaunchScreen.storyboard;
			sourceTree = "<group>";
		};
/* End PBXVariantGroup section */

/* Begin XCBuildConfiguration section */
		9ADECEBB1BF7EB4800EFD8AD /* Debug */ = {
			isa = XCBuildConfiguration;
			buildSettings = {
				ALWAYS_SEARCH_USER_PATHS = NO;
				CLANG_CXX_LANGUAGE_STANDARD = "gnu++0x";
				CLANG_CXX_LIBRARY = "libc++";
				CLANG_ENABLE_MODULES = YES;
				CLANG_ENABLE_OBJC_ARC = YES;
				CLANG_WARN_BOOL_CONVERSION = YES;
				CLANG_WARN_CONSTANT_CONVERSION = YES;
				CLANG_WARN_DIRECT_OBJC_ISA_USAGE = YES_ERROR;
				CLANG_WARN_EMPTY_BODY = YES;
				CLANG_WARN_ENUM_CONVERSION = YES;
				CLANG_WARN_INT_CONVERSION = YES;
				CLANG_WARN_OBJC_ROOT_CLASS = YES_ERROR;
				CLANG_WARN_UNREACHABLE_CODE = YES;
				CLANG_WARN__DUPLICATE_METHOD_MATCH = YES;
				"CODE_SIGN_IDENTITY[sdk=iphoneos*]" = "iPhone Developer";
				COPY_PHASE_STRIP = NO;
				DEBUG_INFORMATION_FORMAT = dwarf;
				ENABLE_STRICT_OBJC_MSGSEND = YES;
				ENABLE_TESTABILITY = YES;
				GCC_C_LANGUAGE_STANDARD = gnu99;
				GCC_DYNAMIC_NO_PIC = NO;
				GCC_NO_COMMON_BLOCKS = YES;
				GCC_OPTIMIZATION_LEVEL = 0;
				GCC_PREPROCESSOR_DEFINITIONS = (
					"DEBUG=1",
					"$(inherited)",
				);
				GCC_WARN_64_TO_32_BIT_CONVERSION = YES;
				GCC_WARN_ABOUT_RETURN_TYPE = YES_ERROR;
				GCC_WARN_UNDECLARED_SELECTOR = YES;
				GCC_WARN_UNINITIALIZED_AUTOS = YES_AGGRESSIVE;
				GCC_WARN_UNUSED_FUNCTION = YES;
				GCC_WARN_UNUSED_VARIABLE = YES;
				IPHONEOS_DEPLOYMENT_TARGET = 9.1;
				MTL_ENABLE_DEBUG_INFO = YES;
				ONLY_ACTIVE_ARCH = YES;
				SDKROOT = iphoneos;
				TARGETED_DEVICE_FAMILY = "1,2";
			};
			name = Debug;
		};
		9ADECEBC1BF7EB4800EFD8AD /* Release */ = {
			isa = XCBuildConfiguration;
			buildSettings = {
				ALWAYS_SEARCH_USER_PATHS = NO;
				CLANG_CXX_LANGUAGE_STANDARD = "gnu++0x";
				CLANG_CXX_LIBRARY = "libc++";
				CLANG_ENABLE_MODULES = YES;
				CLANG_ENABLE_OBJC_ARC = YES;
				CLANG_WARN_BOOL_CONVERSION = YES;
				CLANG_WARN_CONSTANT_CONVERSION = YES;
				CLANG_WARN_DIRECT_OBJC_ISA_USAGE = YES_ERROR;
				CLANG_WARN_EMPTY_BODY = YES;
				CLANG_WARN_ENUM_CONVERSION = YES;
				CLANG_WARN_INT_CONVERSION = YES;
				CLANG_WARN_OBJC_ROOT_CLASS = YES_ERROR;
				CLANG_WARN_UNREACHABLE_CODE = YES;
				CLANG_WARN__DUPLICATE_METHOD_MATCH = YES;
				"CODE_SIGN_IDENTITY[sdk=iphoneos*]" = "iPhone Developer";
				COPY_PHASE_STRIP = NO;
				DEBUG_INFORMATION_FORMAT = "dwarf-with-dsym";
				ENABLE_NS_ASSERTIONS = NO;
				ENABLE_STRICT_OBJC_MSGSEND = YES;
				GCC_C_LANGUAGE_STANDARD = gnu99;
				GCC_NO_COMMON_BLOCKS = YES;
				GCC_WARN_64_TO_32_BIT_CONVERSION = YES;
				GCC_WARN_ABOUT_RETURN_TYPE = YES_ERROR;
				GCC_WARN_UNDECLARED_SELECTOR = YES;
				GCC_WARN_UNINITIALIZED_AUTOS = YES_AGGRESSIVE;
				GCC_WARN_UNUSED_FUNCTION = YES;
				GCC_WARN_UNUSED_VARIABLE = YES;
				IPHONEOS_DEPLOYMENT_TARGET = 9.1;
				MTL_ENABLE_DEBUG_INFO = NO;
				SDKROOT = iphoneos;
				TARGETED_DEVICE_FAMILY = "1,2";
				VALIDATE_PRODUCT = YES;
			};
			name = Release;
		};
		9ADECEBE1BF7EB4800EFD8AD /* Debug */ = {
			isa = XCBuildConfiguration;
			buildSettings = {
				ASSETCATALOG_COMPILER_APPICON_NAME = AppIcon;
				INFOPLIST_FILE = RailShuffle/Info.plist;
				IPHONEOS_DEPLOYMENT_TARGET = 7.0;
				LD_RUNPATH_SEARCH_PATHS = "$(inherited) @executable_path/Frameworks";
				PRODUCT_BUNDLE_IDENTIFIER = com.eweguo.RailShuffle;
				PRODUCT_NAME = "$(TARGET_NAME)";
			};
			name = Debug;
		};
		9ADECEBF1BF7EB4800EFD8AD /* Release */ = {
			isa = XCBuildConfiguration;
			buildSettings = {
				ASSETCATALOG_COMPILER_APPICON_NAME = AppIcon;
				INFOPLIST_FILE = RailShuffle/Info.plist;
				IPHONEOS_DEPLOYMENT_TARGET = 7.0;
				LD_RUNPATH_SEARCH_PATHS = "$(inherited) @executable_path/Frameworks";
				PRODUCT_BUNDLE_IDENTIFIER = com.eweguo.RailShuffle;
				PRODUCT_NAME = "$(TARGET_NAME)";
			};
			name = Release;
		};
/* End XCBuildConfiguration section */

/* Begin XCConfigurationList section */
		9ADECEA11BF7EB4800EFD8AD /* Build configuration list for PBXProject "RailShuffle" */ = {
			isa = XCConfigurationList;
			buildConfigurations = (
				9ADECEBB1BF7EB4800EFD8AD /* Debug */,
				9ADECEBC1BF7EB4800EFD8AD /* Release */,
			);
			defaultConfigurationIsVisible = 0;
			defaultConfigurationName = Release;
		};
		9ADECEBD1BF7EB4800EFD8AD /* Build configuration list for PBXNativeTarget "RailShuffle" */ = {
			isa = XCConfigurationList;
			buildConfigurations = (
				9ADECEBE1BF7EB4800EFD8AD /* Debug */,
				9ADECEBF1BF7EB4800EFD8AD /* Release */,
			);
			defaultConfigurationIsVisible = 0;
			defaultConfigurationName = Release;
		};
/* End XCConfigurationList section */
	};
	rootObject = 9ADECE9E1BF7EB4800EFD8AD /* Project object */;
}
