// !$*UTF8*$!
{
	archiveVersion = 1;
	classes = {
	};
	objectVersion = 46;
	objects = {

/* Begin PBXBuildFile section */
		9A02F8DB1BF8AC8C00BC136E /* HelpViewController.m in Sources */ = {isa = PBXBuildFile; fileRef = 9A02F8DA1BF8AC8C00BC136E /* HelpViewController.m */; };
		9A02F8DD1BF8ADE800BC136E /* backbutton.png in Resources */ = {isa = PBXBuildFile; fileRef = 9A02F8DC1BF8ADE800BC136E /* backbutton.png */; };
		9A02F8FD1BF8D4EB00BC136E /* bwbanner.png in Resources */ = {isa = PBXBuildFile; fileRef = 9A02F8DF1BF8D4EB00BC136E /* bwbanner.png */; };
		9A02F8FE1BF8D4EB00BC136E /* bwcartbag.png in Resources */ = {isa = PBXBuildFile; fileRef = 9A02F8E01BF8D4EB00BC136E /* bwcartbag.png */; };
		9A02F8FF1BF8D4EB00BC136E /* bwexample1.png in Resources */ = {isa = PBXBuildFile; fileRef = 9A02F8E11BF8D4EB00BC136E /* bwexample1.png */; };
		9A02F9001BF8D4EB00BC136E /* bwicon.png in Resources */ = {isa = PBXBuildFile; fileRef = 9A02F8E21BF8D4EB00BC136E /* bwicon.png */; };
		9A02F9011BF8D4EB00BC136E /* bwlogo.png in Resources */ = {isa = PBXBuildFile; fileRef = 9A02F8E31BF8D4EB00BC136E /* bwlogo.png */; };
		9A02F9021BF8D4EB00BC136E /* bwtimesign.png in Resources */ = {isa = PBXBuildFile; fileRef = 9A02F8E41BF8D4EB00BC136E /* bwtimesign.png */; };
		9A02F9031BF8D4EB00BC136E /* endnote.png in Resources */ = {isa = PBXBuildFile; fileRef = 9A02F8E51BF8D4EB00BC136E /* endnote.png */; };
		9A02F9041BF8D4EB00BC136E /* help-iPhone.html in Resources */ = {isa = PBXBuildFile; fileRef = 9A02F8E61BF8D4EB00BC136E /* help-iPhone.html */; };
		9A02F9051BF8D4EB00BC136E /* help.html in Resources */ = {isa = PBXBuildFile; fileRef = 9A02F8E71BF8D4EB00BC136E /* help.html */; };
		9A02F9061BF8D4EB00BC136E /* leftmargin-iPhone.png in Resources */ = {isa = PBXBuildFile; fileRef = 9A02F8E81BF8D4EB00BC136E /* leftmargin-iPhone.png */; };
		9A02F9071BF8D4EB00BC136E /* leftmargin.png in Resources */ = {isa = PBXBuildFile; fileRef = 9A02F8E91BF8D4EB00BC136E /* leftmargin.png */; };
		9A02F9081BF8D4EB00BC136E /* rightmargin-iPhone.png in Resources */ = {isa = PBXBuildFile; fileRef = 9A02F8EA1BF8D4EB00BC136E /* rightmargin-iPhone.png */; };
		9A02F9091BF8D4EB00BC136E /* rightmargin.png in Resources */ = {isa = PBXBuildFile; fileRef = 9A02F8EB1BF8D4EB00BC136E /* rightmargin.png */; };
		9A02F9181BF8D4EB00BC136E /* styles-iPhone.css in Resources */ = {isa = PBXBuildFile; fileRef = 9A02F8FB1BF8D4EB00BC136E /* styles-iPhone.css */; };
		9A02F9191BF8D4EB00BC136E /* styles.css in Resources */ = {isa = PBXBuildFile; fileRef = 9A02F8FC1BF8D4EB00BC136E /* styles.css */; };
		9A11C3701C2ECCB20002695D /* Cart.m in Sources */ = {isa = PBXBuildFile; fileRef = 9A11C36F1C2ECCB20002695D /* Cart.m */; };
		9A222CF21C2C931D000AECF6 /* Default-568h@2x.png in Resources */ = {isa = PBXBuildFile; fileRef = 9A222CF11C2C931D000AECF6 /* Default-568h@2x.png */; };
		9A289B291C3481D90049267D /* smoke.sks in Resources */ = {isa = PBXBuildFile; fileRef = 9A289B271C3481D90049267D /* smoke.sks */; };
		9A289B2A1C3481D90049267D /* spark.png in Resources */ = {isa = PBXBuildFile; fileRef = 9A289B281C3481D90049267D /* spark.png */; };
		9A289B2C1C3483400049267D /* flames.sks in Resources */ = {isa = PBXBuildFile; fileRef = 9A289B2B1C3483400049267D /* flames.sks */; };
		9A289B2E1C348B230049267D /* shards.sks in Resources */ = {isa = PBXBuildFile; fileRef = 9A289B2D1C348B230049267D /* shards.sks */; };
		9A4DC36F1C36BC5600075720 /* landing.sks in Resources */ = {isa = PBXBuildFile; fileRef = 9A4DC36E1C36BC5600075720 /* landing.sks */; };
		9A4DC3721C36D38D00075720 /* Cart.m in Sources */ = {isa = PBXBuildFile; fileRef = 9A11C36F1C2ECCB20002695D /* Cart.m */; };
		9A4DC3731C36D38D00075720 /* ViewController.m in Sources */ = {isa = PBXBuildFile; fileRef = 9ADECEB01BF7EB4800EFD8AD /* ViewController.m */; };
		9A4DC3741C36D38D00075720 /* AppDelegate.m in Sources */ = {isa = PBXBuildFile; fileRef = 9ADECEAD1BF7EB4800EFD8AD /* AppDelegate.m */; };
		9A4DC3751C36D38D00075720 /* main.m in Sources */ = {isa = PBXBuildFile; fileRef = 9ADECEAA1BF7EB4800EFD8AD /* main.m */; };
		9A4DC3761C36D38D00075720 /* SoundPlayer.m in Sources */ = {isa = PBXBuildFile; fileRef = 9A6DD3651C021DFC007353E7 /* SoundPlayer.m */; };
		9A4DC3771C36D38D00075720 /* GameScene.m in Sources */ = {isa = PBXBuildFile; fileRef = 9ACF574A1C2CA2570077CA28 /* GameScene.m */; };
		9A4DC3781C36D38D00075720 /* HelpViewController.m in Sources */ = {isa = PBXBuildFile; fileRef = 9A02F8DA1BF8AC8C00BC136E /* HelpViewController.m */; };
		9A4DC37A1C36D38D00075720 /* SpriteKit.framework in Frameworks */ = {isa = PBXBuildFile; fileRef = 9ACF574C1C2CA2A60077CA28 /* SpriteKit.framework */; };
		9A4DC37C1C36D38D00075720 /* 8.png in Resources */ = {isa = PBXBuildFile; fileRef = 9AA20B201C0A36B5007F4B20 /* 8.png */; };
		9A4DC37D1C36D38D00075720 /* level9.txt in Resources */ = {isa = PBXBuildFile; fileRef = 9AC9A6411C2DFB4A00422D14 /* level9.txt */; };
		9A4DC37E1C36D38D00075720 /* level3.txt in Resources */ = {isa = PBXBuildFile; fileRef = 9AC9A63B1C2DFB4A00422D14 /* level3.txt */; };
		9A4DC37F1C36D38D00075720 /* sad.wav in Resources */ = {isa = PBXBuildFile; fileRef = 9A6DD3551C021D66007353E7 /* sad.wav */; };
		9A4DC3801C36D38D00075720 /* shards.sks in Resources */ = {isa = PBXBuildFile; fileRef = 9A289B2D1C348B230049267D /* shards.sks */; };
		9A4DC3821C36D38D00075720 /* Default.png in Resources */ = {isa = PBXBuildFile; fileRef = 9AE349641C2A0913002E4FCC /* Default.png */; };
		9A4DC3831C36D38D00075720 /* level5.txt in Resources */ = {isa = PBXBuildFile; fileRef = 9AC9A63D1C2DFB4A00422D14 /* level5.txt */; };
		9A4DC3841C36D38D00075720 /* spark.png in Resources */ = {isa = PBXBuildFile; fileRef = 9A289B281C3481D90049267D /* spark.png */; };
		9A4DC3851C36D38D00075720 /* intro_iphone@2x.png in Resources */ = {isa = PBXBuildFile; fileRef = 9ADECEC41BF7EC1900EFD8AD /* intro_iphone@2x.png */; };
		9A4DC3861C36D38D00075720 /* playbutton.png in Resources */ = {isa = PBXBuildFile; fileRef = 9ADECEDA1BF7ED0C00EFD8AD /* playbutton.png */; };
		9A4DC3871C36D38D00075720 /* landing.sks in Resources */ = {isa = PBXBuildFile; fileRef = 9A4DC36E1C36BC5600075720 /* landing.sks */; };
		9A4DC3881C36D38D00075720 /* crash.wav in Resources */ = {isa = PBXBuildFile; fileRef = 9A6DD3511C021D66007353E7 /* crash.wav */; };
		9A4DC3891C36D38D00075720 /* clementine.mp3 in Resources */ = {isa = PBXBuildFile; fileRef = 9A6DD34F1C021D66007353E7 /* clementine.mp3 */; };
		9A4DC38A1C36D38D00075720 /* susanna.mp3 in Resources */ = {isa = PBXBuildFile; fileRef = 9A6DD3571C021D66007353E7 /* susanna.mp3 */; };
		9A4DC38B1C36D38D00075720 /* yankee.mp3 in Resources */ = {isa = PBXBuildFile; fileRef = 9A6DD3581C021D66007353E7 /* yankee.mp3 */; };
		9A4DC38C1C36D38D00075720 /* 9.png in Resources */ = {isa = PBXBuildFile; fileRef = 9AA20B211C0A36B5007F4B20 /* 9.png */; };
		9A4DC38D1C36D38D00075720 /* Main_iPad.storyboard in Resources */ = {isa = PBXBuildFile; fileRef = 9A6DE0151BF7F23B009174C4 /* Main_iPad.storyboard */; };
		9A4DC38E1C36D38D00075720 /* 1.png in Resources */ = {isa = PBXBuildFile; fileRef = 9AA20B191C0A36B5007F4B20 /* 1.png */; };
		9A4DC38F1C36D38D00075720 /* intro.png in Resources */ = {isa = PBXBuildFile; fileRef = 9ADECEC11BF7EC1900EFD8AD /* intro.png */; };
		9A4DC3901C36D38D00075720 /* letter_u.png in Resources */ = {isa = PBXBuildFile; fileRef = 9ADECED01BF7EC8300EFD8AD /* letter_u.png */; };
		9A4DC3911C36D38D00075720 /* star0.png in Resources */ = {isa = PBXBuildFile; fileRef = 9A590CF51C330D270024992F /* star0.png */; };
		9A4DC3921C36D38D00075720 /* level2.txt in Resources */ = {isa = PBXBuildFile; fileRef = 9AC9A63A1C2DFB4A00422D14 /* level2.txt */; };
		9A4DC3931C36D38D00075720 /* level13.txt in Resources */ = {isa = PBXBuildFile; fileRef = 9AC9A6361C2DFB4A00422D14 /* level13.txt */; };
		9A4DC3941C36D38D00075720 /* gong.wav in Resources */ = {isa = PBXBuildFile; fileRef = 9A6DD3531C021D66007353E7 /* gong.wav */; };
		9A4DC3951C36D38D00075720 /* level11.txt in Resources */ = {isa = PBXBuildFile; fileRef = 9AC9A6341C2DFB4A00422D14 /* level11.txt */; };
		9A4DC3961C36D38D00075720 /* bwcartbag.png in Resources */ = {isa = PBXBuildFile; fileRef = 9A02F8E01BF8D4EB00BC136E /* bwcartbag.png */; };
		9A4DC3971C36D38D00075720 /* Default@2x.png in Resources */ = {isa = PBXBuildFile; fileRef = 9AE349651C2A0913002E4FCC /* Default@2x.png */; };
		9A4DC3981C36D38D00075720 /* letter_h.png in Resources */ = {isa = PBXBuildFile; fileRef = 9ADECECD1BF7EC8300EFD8AD /* letter_h.png */; };
		9A4DC3991C36D38D00075720 /* leftmargin.png in Resources */ = {isa = PBXBuildFile; fileRef = 9A02F8E91BF8D4EB00BC136E /* leftmargin.png */; };
		9A4DC39A1C36D38D00075720 /* LaunchScreen.storyboard in Resources */ = {isa = PBXBuildFile; fileRef = 9ADECEB71BF7EB4800EFD8AD /* LaunchScreen.storyboard */; };
		9A4DC39B1C36D38D00075720 /* Assets.xcassets in Resources */ = {isa = PBXBuildFile; fileRef = 9ADECEB51BF7EB4800EFD8AD /* Assets.xcassets */; };
		9A4DC39C1C36D38D00075720 /* rightmargin.png in Resources */ = {isa = PBXBuildFile; fileRef = 9A02F8EB1BF8D4EB00BC136E /* rightmargin.png */; };
		9A4DC39D1C36D38D00075720 /* level6.txt in Resources */ = {isa = PBXBuildFile; fileRef = 9AC9A63E1C2DFB4A00422D14 /* level6.txt */; };
		9A4DC39E1C36D38D00075720 /* bwlogo.png in Resources */ = {isa = PBXBuildFile; fileRef = 9A02F8E31BF8D4EB00BC136E /* bwlogo.png */; };
		9A4DC39F1C36D38D00075720 /* letter_s.png in Resources */ = {isa = PBXBuildFile; fileRef = 9ADECECF1BF7EC8300EFD8AD /* letter_s.png */; };
		9A4DC3A01C36D38D00075720 /* splash-iphone.png in Resources */ = {isa = PBXBuildFile; fileRef = 9AE3496A1C2A0AB8002E4FCC /* splash-iphone.png */; };
		9A4DC3A11C36D38D00075720 /* levelsign.png in Resources */ = {isa = PBXBuildFile; fileRef = 9AA20B241C0A36B5007F4B20 /* levelsign.png */; };
		9A4DC3A21C36D38D00075720 /* 4.png in Resources */ = {isa = PBXBuildFile; fileRef = 9AA20B1C1C0A36B5007F4B20 /* 4.png */; };
		9A4DC3A31C36D38D00075720 /* letter_f.png in Resources */ = {isa = PBXBuildFile; fileRef = 9ADECECC1BF7EC8300EFD8AD /* letter_f.png */; };
		9A4DC3A51C36D38D00075720 /* backbutton.png in Resources */ = {isa = PBXBuildFile; fileRef = 9A02F8DC1BF8ADE800BC136E /* backbutton.png */; };
		9A4DC3A61C36D38D00075720 /* smoke.sks in Resources */ = {isa = PBXBuildFile; fileRef = 9A289B271C3481D90049267D /* smoke.sks */; };
		9A4DC3A71C36D38D00075720 /* styles.css in Resources */ = {isa = PBXBuildFile; fileRef = 9A02F8FC1BF8D4EB00BC136E /* styles.css */; };
		9A4DC3A81C36D38D00075720 /* mountain.mp3 in Resources */ = {isa = PBXBuildFile; fileRef = 9A6DD3541C021D66007353E7 /* mountain.mp3 */; };
		9A4DC3A91C36D38D00075720 /* 7.png in Resources */ = {isa = PBXBuildFile; fileRef = 9AA20B1F1C0A36B5007F4B20 /* 7.png */; };
		9A4DC3AA1C36D38D00075720 /* intro@2x.png in Resources */ = {isa = PBXBuildFile; fileRef = 9ADECEC21BF7EC1900EFD8AD /* intro@2x.png */; };
		9A4DC3AB1C36D38D00075720 /* raillogo.png in Resources */ = {isa = PBXBuildFile; fileRef = 9ADECEDB1BF7ED0C00EFD8AD /* raillogo.png */; };
		9A4DC3AC1C36D38D00075720 /* Main.storyboard in Resources */ = {isa = PBXBuildFile; fileRef = 9ADECEB21BF7EB4800EFD8AD /* Main.storyboard */; };
		9A4DC3AD1C36D38D00075720 /* plus.png in Resources */ = {isa = PBXBuildFile; fileRef = 9AA20B261C0A36B5007F4B20 /* plus.png */; };
		9A4DC3AE1C36D38D00075720 /* level10.txt in Resources */ = {isa = PBXBuildFile; fileRef = 9AC9A6331C2DFB4A00422D14 /* level10.txt */; };
		9A4DC3AF1C36D38D00075720 /* starburst.sks in Resources */ = {isa = PBXBuildFile; fileRef = 9A590CF91C330D630024992F /* starburst.sks */; };
		9A4DC3B01C36D38D00075720 /* slide.wav in Resources */ = {isa = PBXBuildFile; fileRef = 9A6DD3561C021D66007353E7 /* slide.wav */; };
		9A4DC3B11C36D38D00075720 /* 2.png in Resources */ = {isa = PBXBuildFile; fileRef = 9AA20B1A1C0A36B5007F4B20 /* 2.png */; };
		9A4DC3B21C36D38D00075720 /* bwtimesign.png in Resources */ = {isa = PBXBuildFile; fileRef = 9A02F8E41BF8D4EB00BC136E /* bwtimesign.png */; };
		9A4DC3B31C36D38D00075720 /* endnote.png in Resources */ = {isa = PBXBuildFile; fileRef = 9A02F8E51BF8D4EB00BC136E /* endnote.png */; };
		9A4DC3B41C36D38D00075720 /* 6.png in Resources */ = {isa = PBXBuildFile; fileRef = 9AA20B1E1C0A36B5007F4B20 /* 6.png */; };
		9A4DC3B51C36D38D00075720 /* green_paper.png in Resources */ = {isa = PBXBuildFile; fileRef = 9AA20B231C0A36B5007F4B20 /* green_paper.png */; };
		9A4DC3B61C36D38D00075720 /* rightmargin-iPhone.png in Resources */ = {isa = PBXBuildFile; fileRef = 9A02F8EA1BF8D4EB00BC136E /* rightmargin-iPhone.png */; };
		9A4DC3B71C36D38D00075720 /* level14.txt in Resources */ = {isa = PBXBuildFile; fileRef = 9AC9A6371C2DFB4A00422D14 /* level14.txt */; };
		9A4DC3B81C36D38D00075720 /* bwbanner.png in Resources */ = {isa = PBXBuildFile; fileRef = 9A02F8DF1BF8D4EB00BC136E /* bwbanner.png */; };
		9A4DC3B91C36D38D00075720 /* checkbox.png in Resources */ = {isa = PBXBuildFile; fileRef = 9ADECEC91BF7EC8300EFD8AD /* checkbox.png */; };
		9A4DC3BA1C36D38D00075720 /* 5.png in Resources */ = {isa = PBXBuildFile; fileRef = 9AA20B1D1C0A36B5007F4B20 /* 5.png */; };
		9A4DC3BB1C36D38D00075720 /* level1.txt in Resources */ = {isa = PBXBuildFile; fileRef = 9AC9A6321C2DFB4A00422D14 /* level1.txt */; };
		9A4DC3BC1C36D38D00075720 /* letter_e.png in Resources */ = {isa = PBXBuildFile; fileRef = 9ADECECB1BF7EC8300EFD8AD /* letter_e.png */; };
		9A4DC3BD1C36D38D00075720 /* level4.txt in Resources */ = {isa = PBXBuildFile; fileRef = 9AC9A63C1C2DFB4A00422D14 /* level4.txt */; };
		9A4DC3BE1C36D38D00075720 /* level12.txt in Resources */ = {isa = PBXBuildFile; fileRef = 9AC9A6351C2DFB4A00422D14 /* level12.txt */; };
		9A4DC3BF1C36D38D00075720 /* level8.txt in Resources */ = {isa = PBXBuildFile; fileRef = 9AC9A6401C2DFB4A00422D14 /* level8.txt */; };
		9A4DC3C01C36D38D00075720 /* chime.wav in Resources */ = {isa = PBXBuildFile; fileRef = 9A6DD34E1C021D66007353E7 /* chime.wav */; };
		9A4DC3C11C36D38D00075720 /* click.wav in Resources */ = {isa = PBXBuildFile; fileRef = 9A6DD3501C021D66007353E7 /* click.wav */; };
		9A4DC3C21C36D38D00075720 /* Default-Portrait.png in Resources */ = {isa = PBXBuildFile; fileRef = 9AE349631C2A0913002E4FCC /* Default-Portrait.png */; };
		9A4DC3C31C36D38D00075720 /* flames.sks in Resources */ = {isa = PBXBuildFile; fileRef = 9A289B2B1C3483400049267D /* flames.sks */; };
		9A4DC3C41C36D38D00075720 /* level15.txt in Resources */ = {isa = PBXBuildFile; fileRef = 9AC9A6381C2DFB4A00422D14 /* level15.txt */; };
		9A4DC3C51C36D38D00075720 /* bwexample1.png in Resources */ = {isa = PBXBuildFile; fileRef = 9A02F8E11BF8D4EB00BC136E /* bwexample1.png */; };
		9A4DC3C61C36D38D00075720 /* level16.txt in Resources */ = {isa = PBXBuildFile; fileRef = 9AC9A6391C2DFB4A00422D14 /* level16.txt */; };
		9A4DC3C71C36D38D00075720 /* 0.png in Resources */ = {isa = PBXBuildFile; fileRef = 9AA20B181C0A36B5007F4B20 /* 0.png */; };
		9A4DC3C81C36D38D00075720 /* level7.txt in Resources */ = {isa = PBXBuildFile; fileRef = 9AC9A63F1C2DFB4A00422D14 /* level7.txt */; };
		9A4DC3C91C36D38D00075720 /* gray_paper.png in Resources */ = {isa = PBXBuildFile; fileRef = 9AA20B221C0A36B5007F4B20 /* gray_paper.png */; };
		9A4DC3CA1C36D38D00075720 /* helpbutton.png in Resources */ = {isa = PBXBuildFile; fileRef = 9ADECECA1BF7EC8300EFD8AD /* helpbutton.png */; };
		9A4DC3CB1C36D38D00075720 /* leftmargin-iPhone.png in Resources */ = {isa = PBXBuildFile; fileRef = 9A02F8E81BF8D4EB00BC136E /* leftmargin-iPhone.png */; };
		9A4DC3CC1C36D38D00075720 /* fanfare.wav in Resources */ = {isa = PBXBuildFile; fileRef = 9A6DD3521C021D66007353E7 /* fanfare.wav */; };
		9A4DC3CD1C36D38D00075720 /* letter_l.png in Resources */ = {isa = PBXBuildFile; fileRef = 9ADECECE1BF7EC8300EFD8AD /* letter_l.png */; };
		9A4DC3CE1C36D38D00075720 /* 3.png in Resources */ = {isa = PBXBuildFile; fileRef = 9AA20B1B1C0A36B5007F4B20 /* 3.png */; };
		9A4DC3CF1C36D38D00075720 /* star0@2x.png in Resources */ = {isa = PBXBuildFile; fileRef = 9A590CF61C330D270024992F /* star0@2x.png */; };
		9A4DC3D01C36D38D00075720 /* Default-568h@2x.png in Resources */ = {isa = PBXBuildFile; fileRef = 9A222CF11C2C931D000AECF6 /* Default-568h@2x.png */; };
		9A4DC3D11C36D38D00075720 /* intro_iphone.png in Resources */ = {isa = PBXBuildFile; fileRef = 9ADECEC31BF7EC1900EFD8AD /* intro_iphone.png */; };
		9A4DC3D21C36D38D00075720 /* styles-iPhone.css in Resources */ = {isa = PBXBuildFile; fileRef = 9A02F8FB1BF8D4EB00BC136E /* styles-iPhone.css */; };
		9A4DC3D31C36D38D00075720 /* musicbutton.png in Resources */ = {isa = PBXBuildFile; fileRef = 9ADECED91BF7ED0C00EFD8AD /* musicbutton.png */; };
		9A4DC3D41C36D38D00075720 /* pieces.atlas in Resources */ = {isa = PBXBuildFile; fileRef = 9ACF574E1C2CAB7C0077CA28 /* pieces.atlas */; };
		9A4DC3D51C36D38D00075720 /* Default-Landscape.png in Resources */ = {isa = PBXBuildFile; fileRef = 9AE349621C2A0913002E4FCC /* Default-Landscape.png */; };
		9A4DC3D61C36D38D00075720 /* orange_paper.png in Resources */ = {isa = PBXBuildFile; fileRef = 9AA20B251C0A36B5007F4B20 /* orange_paper.png */; };
		9A4DC3D71C36D38D00075720 /* bwicon.png in Resources */ = {isa = PBXBuildFile; fileRef = 9A02F8E21BF8D4EB00BC136E /* bwicon.png */; };
		9A4DC3DE1C36DA7A00075720 /* banner.png in Resources */ = {isa = PBXBuildFile; fileRef = 9A4DC3DD1C36DA7A00075720 /* banner.png */; };
		9A4DC3E21C36DE8400075720 /* help-iPhone.html in Resources */ = {isa = PBXBuildFile; fileRef = 9A4DC3E01C36DE8400075720 /* help-iPhone.html */; };
		9A4DC3E31C36DE8400075720 /* help.html in Resources */ = {isa = PBXBuildFile; fileRef = 9A4DC3E11C36DE8400075720 /* help.html */; };
		9A4DC3E41C36E0BA00075720 /* banner.png in Resources */ = {isa = PBXBuildFile; fileRef = 9A4DC3DD1C36DA7A00075720 /* banner.png */; };
		9A590CF71C330D270024992F /* star0.png in Resources */ = {isa = PBXBuildFile; fileRef = 9A590CF51C330D270024992F /* star0.png */; };
		9A590CF81C330D270024992F /* star0@2x.png in Resources */ = {isa = PBXBuildFile; fileRef = 9A590CF61C330D270024992F /* star0@2x.png */; };
		9A590CFB1C330D630024992F /* starburst.sks in Resources */ = {isa = PBXBuildFile; fileRef = 9A590CF91C330D630024992F /* starburst.sks */; };
		9A6DD3591C021D66007353E7 /* chime.wav in Resources */ = {isa = PBXBuildFile; fileRef = 9A6DD34E1C021D66007353E7 /* chime.wav */; };
		9A6DD35A1C021D66007353E7 /* clementine.mp3 in Resources */ = {isa = PBXBuildFile; fileRef = 9A6DD34F1C021D66007353E7 /* clementine.mp3 */; };
		9A6DD35B1C021D66007353E7 /* click.wav in Resources */ = {isa = PBXBuildFile; fileRef = 9A6DD3501C021D66007353E7 /* click.wav */; };
		9A6DD35C1C021D66007353E7 /* crash.wav in Resources */ = {isa = PBXBuildFile; fileRef = 9A6DD3511C021D66007353E7 /* crash.wav */; };
		9A6DD35D1C021D66007353E7 /* fanfare.wav in Resources */ = {isa = PBXBuildFile; fileRef = 9A6DD3521C021D66007353E7 /* fanfare.wav */; };
		9A6DD35E1C021D66007353E7 /* gong.wav in Resources */ = {isa = PBXBuildFile; fileRef = 9A6DD3531C021D66007353E7 /* gong.wav */; };
		9A6DD35F1C021D66007353E7 /* mountain.mp3 in Resources */ = {isa = PBXBuildFile; fileRef = 9A6DD3541C021D66007353E7 /* mountain.mp3 */; };
		9A6DD3601C021D66007353E7 /* sad.wav in Resources */ = {isa = PBXBuildFile; fileRef = 9A6DD3551C021D66007353E7 /* sad.wav */; };
		9A6DD3611C021D66007353E7 /* slide.wav in Resources */ = {isa = PBXBuildFile; fileRef = 9A6DD3561C021D66007353E7 /* slide.wav */; };
		9A6DD3621C021D66007353E7 /* susanna.mp3 in Resources */ = {isa = PBXBuildFile; fileRef = 9A6DD3571C021D66007353E7 /* susanna.mp3 */; };
		9A6DD3631C021D66007353E7 /* yankee.mp3 in Resources */ = {isa = PBXBuildFile; fileRef = 9A6DD3581C021D66007353E7 /* yankee.mp3 */; };
		9A6DD3661C021DFC007353E7 /* SoundPlayer.m in Sources */ = {isa = PBXBuildFile; fileRef = 9A6DD3651C021DFC007353E7 /* SoundPlayer.m */; };
		9A6DE0171BF7F23B009174C4 /* Main_iPad.storyboard in Resources */ = {isa = PBXBuildFile; fileRef = 9A6DE0151BF7F23B009174C4 /* Main_iPad.storyboard */; };
		9AA20B271C0A36B5007F4B20 /* 0.png in Resources */ = {isa = PBXBuildFile; fileRef = 9AA20B181C0A36B5007F4B20 /* 0.png */; };
		9AA20B281C0A36B5007F4B20 /* 1.png in Resources */ = {isa = PBXBuildFile; fileRef = 9AA20B191C0A36B5007F4B20 /* 1.png */; };
		9AA20B291C0A36B5007F4B20 /* 2.png in Resources */ = {isa = PBXBuildFile; fileRef = 9AA20B1A1C0A36B5007F4B20 /* 2.png */; };
		9AA20B2A1C0A36B5007F4B20 /* 3.png in Resources */ = {isa = PBXBuildFile; fileRef = 9AA20B1B1C0A36B5007F4B20 /* 3.png */; };
		9AA20B2B1C0A36B5007F4B20 /* 4.png in Resources */ = {isa = PBXBuildFile; fileRef = 9AA20B1C1C0A36B5007F4B20 /* 4.png */; };
		9AA20B2C1C0A36B5007F4B20 /* 5.png in Resources */ = {isa = PBXBuildFile; fileRef = 9AA20B1D1C0A36B5007F4B20 /* 5.png */; };
		9AA20B2D1C0A36B5007F4B20 /* 6.png in Resources */ = {isa = PBXBuildFile; fileRef = 9AA20B1E1C0A36B5007F4B20 /* 6.png */; };
		9AA20B2E1C0A36B5007F4B20 /* 7.png in Resources */ = {isa = PBXBuildFile; fileRef = 9AA20B1F1C0A36B5007F4B20 /* 7.png */; };
		9AA20B2F1C0A36B5007F4B20 /* 8.png in Resources */ = {isa = PBXBuildFile; fileRef = 9AA20B201C0A36B5007F4B20 /* 8.png */; };
		9AA20B301C0A36B5007F4B20 /* 9.png in Resources */ = {isa = PBXBuildFile; fileRef = 9AA20B211C0A36B5007F4B20 /* 9.png */; };
		9AA20B311C0A36B5007F4B20 /* gray_paper.png in Resources */ = {isa = PBXBuildFile; fileRef = 9AA20B221C0A36B5007F4B20 /* gray_paper.png */; };
		9AA20B321C0A36B5007F4B20 /* green_paper.png in Resources */ = {isa = PBXBuildFile; fileRef = 9AA20B231C0A36B5007F4B20 /* green_paper.png */; };
		9AA20B331C0A36B5007F4B20 /* levelsign.png in Resources */ = {isa = PBXBuildFile; fileRef = 9AA20B241C0A36B5007F4B20 /* levelsign.png */; };
		9AA20B341C0A36B5007F4B20 /* orange_paper.png in Resources */ = {isa = PBXBuildFile; fileRef = 9AA20B251C0A36B5007F4B20 /* orange_paper.png */; };
		9AA20B351C0A36B5007F4B20 /* plus.png in Resources */ = {isa = PBXBuildFile; fileRef = 9AA20B261C0A36B5007F4B20 /* plus.png */; };
		9AC9A6421C2DFB4A00422D14 /* level1.txt in Resources */ = {isa = PBXBuildFile; fileRef = 9AC9A6321C2DFB4A00422D14 /* level1.txt */; };
		9AC9A6431C2DFB4A00422D14 /* level10.txt in Resources */ = {isa = PBXBuildFile; fileRef = 9AC9A6331C2DFB4A00422D14 /* level10.txt */; };
		9AC9A6441C2DFB4A00422D14 /* level11.txt in Resources */ = {isa = PBXBuildFile; fileRef = 9AC9A6341C2DFB4A00422D14 /* level11.txt */; };
		9AC9A6451C2DFB4A00422D14 /* level12.txt in Resources */ = {isa = PBXBuildFile; fileRef = 9AC9A6351C2DFB4A00422D14 /* level12.txt */; };
		9AC9A6461C2DFB4A00422D14 /* level13.txt in Resources */ = {isa = PBXBuildFile; fileRef = 9AC9A6361C2DFB4A00422D14 /* level13.txt */; };
		9AC9A6471C2DFB4A00422D14 /* level14.txt in Resources */ = {isa = PBXBuildFile; fileRef = 9AC9A6371C2DFB4A00422D14 /* level14.txt */; };
		9AC9A6481C2DFB4A00422D14 /* level15.txt in Resources */ = {isa = PBXBuildFile; fileRef = 9AC9A6381C2DFB4A00422D14 /* level15.txt */; };
		9AC9A6491C2DFB4A00422D14 /* level16.txt in Resources */ = {isa = PBXBuildFile; fileRef = 9AC9A6391C2DFB4A00422D14 /* level16.txt */; };
		9AC9A64A1C2DFB4A00422D14 /* level2.txt in Resources */ = {isa = PBXBuildFile; fileRef = 9AC9A63A1C2DFB4A00422D14 /* level2.txt */; };
		9AC9A64B1C2DFB4A00422D14 /* level3.txt in Resources */ = {isa = PBXBuildFile; fileRef = 9AC9A63B1C2DFB4A00422D14 /* level3.txt */; };
		9AC9A64C1C2DFB4A00422D14 /* level4.txt in Resources */ = {isa = PBXBuildFile; fileRef = 9AC9A63C1C2DFB4A00422D14 /* level4.txt */; };
		9AC9A64D1C2DFB4A00422D14 /* level5.txt in Resources */ = {isa = PBXBuildFile; fileRef = 9AC9A63D1C2DFB4A00422D14 /* level5.txt */; };
		9AC9A64E1C2DFB4A00422D14 /* level6.txt in Resources */ = {isa = PBXBuildFile; fileRef = 9AC9A63E1C2DFB4A00422D14 /* level6.txt */; };
		9AC9A64F1C2DFB4A00422D14 /* level7.txt in Resources */ = {isa = PBXBuildFile; fileRef = 9AC9A63F1C2DFB4A00422D14 /* level7.txt */; };
		9AC9A6501C2DFB4A00422D14 /* level8.txt in Resources */ = {isa = PBXBuildFile; fileRef = 9AC9A6401C2DFB4A00422D14 /* level8.txt */; };
		9AC9A6511C2DFB4A00422D14 /* level9.txt in Resources */ = {isa = PBXBuildFile; fileRef = 9AC9A6411C2DFB4A00422D14 /* level9.txt */; };
		9ACF574B1C2CA2570077CA28 /* GameScene.m in Sources */ = {isa = PBXBuildFile; fileRef = 9ACF574A1C2CA2570077CA28 /* GameScene.m */; };
		9ACF574D1C2CA2A60077CA28 /* SpriteKit.framework in Frameworks */ = {isa = PBXBuildFile; fileRef = 9ACF574C1C2CA2A60077CA28 /* SpriteKit.framework */; };
		9ACF574F1C2CAB7C0077CA28 /* pieces.atlas in Resources */ = {isa = PBXBuildFile; fileRef = 9ACF574E1C2CAB7C0077CA28 /* pieces.atlas */; };
		9ADECEAB1BF7EB4800EFD8AD /* main.m in Sources */ = {isa = PBXBuildFile; fileRef = 9ADECEAA1BF7EB4800EFD8AD /* main.m */; };
		9ADECEAE1BF7EB4800EFD8AD /* AppDelegate.m in Sources */ = {isa = PBXBuildFile; fileRef = 9ADECEAD1BF7EB4800EFD8AD /* AppDelegate.m */; };
		9ADECEB11BF7EB4800EFD8AD /* ViewController.m in Sources */ = {isa = PBXBuildFile; fileRef = 9ADECEB01BF7EB4800EFD8AD /* ViewController.m */; };
		9ADECEB41BF7EB4800EFD8AD /* Main.storyboard in Resources */ = {isa = PBXBuildFile; fileRef = 9ADECEB21BF7EB4800EFD8AD /* Main.storyboard */; };
		9ADECEB61BF7EB4800EFD8AD /* Assets.xcassets in Resources */ = {isa = PBXBuildFile; fileRef = 9ADECEB51BF7EB4800EFD8AD /* Assets.xcassets */; };
		9ADECEB91BF7EB4800EFD8AD /* LaunchScreen.storyboard in Resources */ = {isa = PBXBuildFile; fileRef = 9ADECEB71BF7EB4800EFD8AD /* LaunchScreen.storyboard */; };
		9ADECEC51BF7EC1900EFD8AD /* intro.png in Resources */ = {isa = PBXBuildFile; fileRef = 9ADECEC11BF7EC1900EFD8AD /* intro.png */; };
		9ADECEC61BF7EC1900EFD8AD /* intro@2x.png in Resources */ = {isa = PBXBuildFile; fileRef = 9ADECEC21BF7EC1900EFD8AD /* intro@2x.png */; };
		9ADECEC71BF7EC1900EFD8AD /* intro_iphone.png in Resources */ = {isa = PBXBuildFile; fileRef = 9ADECEC31BF7EC1900EFD8AD /* intro_iphone.png */; };
		9ADECEC81BF7EC1900EFD8AD /* intro_iphone@2x.png in Resources */ = {isa = PBXBuildFile; fileRef = 9ADECEC41BF7EC1900EFD8AD /* intro_iphone@2x.png */; };
		9ADECED11BF7EC8300EFD8AD /* checkbox.png in Resources */ = {isa = PBXBuildFile; fileRef = 9ADECEC91BF7EC8300EFD8AD /* checkbox.png */; };
		9ADECED21BF7EC8300EFD8AD /* helpbutton.png in Resources */ = {isa = PBXBuildFile; fileRef = 9ADECECA1BF7EC8300EFD8AD /* helpbutton.png */; };
		9ADECED31BF7EC8300EFD8AD /* letter_e.png in Resources */ = {isa = PBXBuildFile; fileRef = 9ADECECB1BF7EC8300EFD8AD /* letter_e.png */; };
		9ADECED41BF7EC8300EFD8AD /* letter_f.png in Resources */ = {isa = PBXBuildFile; fileRef = 9ADECECC1BF7EC8300EFD8AD /* letter_f.png */; };
		9ADECED51BF7EC8300EFD8AD /* letter_h.png in Resources */ = {isa = PBXBuildFile; fileRef = 9ADECECD1BF7EC8300EFD8AD /* letter_h.png */; };
		9ADECED61BF7EC8300EFD8AD /* letter_l.png in Resources */ = {isa = PBXBuildFile; fileRef = 9ADECECE1BF7EC8300EFD8AD /* letter_l.png */; };
		9ADECED71BF7EC8300EFD8AD /* letter_s.png in Resources */ = {isa = PBXBuildFile; fileRef = 9ADECECF1BF7EC8300EFD8AD /* letter_s.png */; };
		9ADECED81BF7EC8300EFD8AD /* letter_u.png in Resources */ = {isa = PBXBuildFile; fileRef = 9ADECED01BF7EC8300EFD8AD /* letter_u.png */; };
		9ADECEDC1BF7ED0C00EFD8AD /* musicbutton.png in Resources */ = {isa = PBXBuildFile; fileRef = 9ADECED91BF7ED0C00EFD8AD /* musicbutton.png */; };
		9ADECEDD1BF7ED0C00EFD8AD /* playbutton.png in Resources */ = {isa = PBXBuildFile; fileRef = 9ADECEDA1BF7ED0C00EFD8AD /* playbutton.png */; };
		9ADECEDE1BF7ED0C00EFD8AD /* raillogo.png in Resources */ = {isa = PBXBuildFile; fileRef = 9ADECEDB1BF7ED0C00EFD8AD /* raillogo.png */; };
		9AE349661C2A0913002E4FCC /* Default-Landscape.png in Resources */ = {isa = PBXBuildFile; fileRef = 9AE349621C2A0913002E4FCC /* Default-Landscape.png */; };
		9AE349671C2A0913002E4FCC /* Default-Portrait.png in Resources */ = {isa = PBXBuildFile; fileRef = 9AE349631C2A0913002E4FCC /* Default-Portrait.png */; };
		9AE349681C2A0913002E4FCC /* Default.png in Resources */ = {isa = PBXBuildFile; fileRef = 9AE349641C2A0913002E4FCC /* Default.png */; };
		9AE349691C2A0913002E4FCC /* Default@2x.png in Resources */ = {isa = PBXBuildFile; fileRef = 9AE349651C2A0913002E4FCC /* Default@2x.png */; };
		9AE3496B1C2A0AB8002E4FCC /* splash-iphone.png in Resources */ = {isa = PBXBuildFile; fileRef = 9AE3496A1C2A0AB8002E4FCC /* splash-iphone.png */; };
/* End PBXBuildFile section */

/* Begin PBXFileReference section */
		9A02F8D91BF8AC8C00BC136E /* HelpViewController.h */ = {isa = PBXFileReference; fileEncoding = 4; lastKnownFileType = sourcecode.c.h; path = HelpViewController.h; sourceTree = "<group>"; };
		9A02F8DA1BF8AC8C00BC136E /* HelpViewController.m */ = {isa = PBXFileReference; fileEncoding = 4; lastKnownFileType = sourcecode.c.objc; path = HelpViewController.m; sourceTree = "<group>"; };
		9A02F8DC1BF8ADE800BC136E /* backbutton.png */ = {isa = PBXFileReference; lastKnownFileType = image.png; path = backbutton.png; sourceTree = "<group>"; };
		9A02F8DF1BF8D4EB00BC136E /* bwbanner.png */ = {isa = PBXFileReference; lastKnownFileType = image.png; path = bwbanner.png; sourceTree = "<group>"; };
		9A02F8E01BF8D4EB00BC136E /* bwcartbag.png */ = {isa = PBXFileReference; lastKnownFileType = image.png; path = bwcartbag.png; sourceTree = "<group>"; };
		9A02F8E11BF8D4EB00BC136E /* bwexample1.png */ = {isa = PBXFileReference; lastKnownFileType = image.png; path = bwexample1.png; sourceTree = "<group>"; };
		9A02F8E21BF8D4EB00BC136E /* bwicon.png */ = {isa = PBXFileReference; lastKnownFileType = image.png; path = bwicon.png; sourceTree = "<group>"; };
		9A02F8E31BF8D4EB00BC136E /* bwlogo.png */ = {isa = PBXFileReference; lastKnownFileType = image.png; path = bwlogo.png; sourceTree = "<group>"; };
		9A02F8E41BF8D4EB00BC136E /* bwtimesign.png */ = {isa = PBXFileReference; lastKnownFileType = image.png; path = bwtimesign.png; sourceTree = "<group>"; };
		9A02F8E51BF8D4EB00BC136E /* endnote.png */ = {isa = PBXFileReference; lastKnownFileType = image.png; path = endnote.png; sourceTree = "<group>"; };
		9A02F8E61BF8D4EB00BC136E /* help-iPhone.html */ = {isa = PBXFileReference; fileEncoding = 4; lastKnownFileType = text.html; path = "help-iPhone.html"; sourceTree = "<group>"; };
		9A02F8E71BF8D4EB00BC136E /* help.html */ = {isa = PBXFileReference; fileEncoding = 4; lastKnownFileType = text.html; path = help.html; sourceTree = "<group>"; };
		9A02F8E81BF8D4EB00BC136E /* leftmargin-iPhone.png */ = {isa = PBXFileReference; lastKnownFileType = image.png; path = "leftmargin-iPhone.png"; sourceTree = "<group>"; };
		9A02F8E91BF8D4EB00BC136E /* leftmargin.png */ = {isa = PBXFileReference; lastKnownFileType = image.png; path = leftmargin.png; sourceTree = "<group>"; };
		9A02F8EA1BF8D4EB00BC136E /* rightmargin-iPhone.png */ = {isa = PBXFileReference; lastKnownFileType = image.png; path = "rightmargin-iPhone.png"; sourceTree = "<group>"; };
		9A02F8EB1BF8D4EB00BC136E /* rightmargin.png */ = {isa = PBXFileReference; lastKnownFileType = image.png; path = rightmargin.png; sourceTree = "<group>"; };
		9A02F8FB1BF8D4EB00BC136E /* styles-iPhone.css */ = {isa = PBXFileReference; fileEncoding = 4; lastKnownFileType = text.css; path = "styles-iPhone.css"; sourceTree = "<group>"; };
		9A02F8FC1BF8D4EB00BC136E /* styles.css */ = {isa = PBXFileReference; fileEncoding = 4; lastKnownFileType = text.css; path = styles.css; sourceTree = "<group>"; };
		9A11C36E1C2ECCB20002695D /* Cart.h */ = {isa = PBXFileReference; fileEncoding = 4; lastKnownFileType = sourcecode.c.h; path = Cart.h; sourceTree = "<group>"; };
		9A11C36F1C2ECCB20002695D /* Cart.m */ = {isa = PBXFileReference; fileEncoding = 4; lastKnownFileType = sourcecode.c.objc; path = Cart.m; sourceTree = "<group>"; };
		9A222CF11C2C931D000AECF6 /* Default-568h@2x.png */ = {isa = PBXFileReference; lastKnownFileType = image.png; path = "Default-568h@2x.png"; sourceTree = "<group>"; };
		9A289B271C3481D90049267D /* smoke.sks */ = {isa = PBXFileReference; lastKnownFileType = file.sks; path = smoke.sks; sourceTree = "<group>"; };
		9A289B281C3481D90049267D /* spark.png */ = {isa = PBXFileReference; lastKnownFileType = image.png; path = spark.png; sourceTree = "<group>"; };
		9A289B2B1C3483400049267D /* flames.sks */ = {isa = PBXFileReference; lastKnownFileType = file.sks; path = flames.sks; sourceTree = "<group>"; };
		9A289B2D1C348B230049267D /* shards.sks */ = {isa = PBXFileReference; lastKnownFileType = file.sks; path = shards.sks; sourceTree = "<group>"; };
		9A4DC36E1C36BC5600075720 /* landing.sks */ = {isa = PBXFileReference; lastKnownFileType = file.sks; path = landing.sks; sourceTree = "<group>"; };
		9A4DC3DB1C36D38D00075720 /* Rails Lite.app */ = {isa = PBXFileReference; explicitFileType = wrapper.application; includeInIndex = 0; path = "Rails Lite.app"; sourceTree = BUILT_PRODUCTS_DIR; };
		9A4DC3DC1C36D38D00075720 /* RailsLite-Info.plist */ = {isa = PBXFileReference; lastKnownFileType = text.plist.xml; name = "RailsLite-Info.plist"; path = "/Users/MacMini/iPhone/RailShuffle/RailsLite-Info.plist"; sourceTree = "<absolute>"; };
		9A4DC3DD1C36DA7A00075720 /* banner.png */ = {isa = PBXFileReference; lastKnownFileType = image.png; path = banner.png; sourceTree = "<group>"; };
		9A4DC3E01C36DE8400075720 /* help-iPhone.html */ = {isa = PBXFileReference; fileEncoding = 4; lastKnownFileType = text.html; path = "help-iPhone.html"; sourceTree = "<group>"; };
		9A4DC3E11C36DE8400075720 /* help.html */ = {isa = PBXFileReference; fileEncoding = 4; lastKnownFileType = text.html; path = help.html; sourceTree = "<group>"; };
		9A590CF51C330D270024992F /* star0.png */ = {isa = PBXFileReference; lastKnownFileType = image.png; path = star0.png; sourceTree = "<group>"; };
		9A590CF61C330D270024992F /* star0@2x.png */ = {isa = PBXFileReference; lastKnownFileType = image.png; path = "star0@2x.png"; sourceTree = "<group>"; };
		9A590CF91C330D630024992F /* starburst.sks */ = {isa = PBXFileReference; lastKnownFileType = file.sks; path = starburst.sks; sourceTree = "<group>"; };
		9A6DD34E1C021D66007353E7 /* chime.wav */ = {isa = PBXFileReference; lastKnownFileType = audio.wav; path = chime.wav; sourceTree = "<group>"; };
		9A6DD34F1C021D66007353E7 /* clementine.mp3 */ = {isa = PBXFileReference; lastKnownFileType = audio.mp3; path = clementine.mp3; sourceTree = "<group>"; };
		9A6DD3501C021D66007353E7 /* click.wav */ = {isa = PBXFileReference; lastKnownFileType = audio.wav; path = click.wav; sourceTree = "<group>"; };
		9A6DD3511C021D66007353E7 /* crash.wav */ = {isa = PBXFileReference; lastKnownFileType = audio.wav; path = crash.wav; sourceTree = "<group>"; };
		9A6DD3521C021D66007353E7 /* fanfare.wav */ = {isa = PBXFileReference; lastKnownFileType = audio.wav; path = fanfare.wav; sourceTree = "<group>"; };
		9A6DD3531C021D66007353E7 /* gong.wav */ = {isa = PBXFileReference; lastKnownFileType = audio.wav; path = gong.wav; sourceTree = "<group>"; };
		9A6DD3541C021D66007353E7 /* mountain.mp3 */ = {isa = PBXFileReference; lastKnownFileType = audio.mp3; path = mountain.mp3; sourceTree = "<group>"; };
		9A6DD3551C021D66007353E7 /* sad.wav */ = {isa = PBXFileReference; lastKnownFileType = audio.wav; path = sad.wav; sourceTree = "<group>"; };
		9A6DD3561C021D66007353E7 /* slide.wav */ = {isa = PBXFileReference; lastKnownFileType = audio.wav; path = slide.wav; sourceTree = "<group>"; };
		9A6DD3571C021D66007353E7 /* susanna.mp3 */ = {isa = PBXFileReference; lastKnownFileType = audio.mp3; path = susanna.mp3; sourceTree = "<group>"; };
		9A6DD3581C021D66007353E7 /* yankee.mp3 */ = {isa = PBXFileReference; lastKnownFileType = audio.mp3; path = yankee.mp3; sourceTree = "<group>"; };
		9A6DD3641C021DFC007353E7 /* SoundPlayer.h */ = {isa = PBXFileReference; fileEncoding = 4; lastKnownFileType = sourcecode.c.h; path = SoundPlayer.h; sourceTree = "<group>"; };
		9A6DD3651C021DFC007353E7 /* SoundPlayer.m */ = {isa = PBXFileReference; fileEncoding = 4; lastKnownFileType = sourcecode.c.objc; path = SoundPlayer.m; sourceTree = "<group>"; };
		9A6DE0161BF7F23B009174C4 /* Base */ = {isa = PBXFileReference; lastKnownFileType = file.storyboard; name = Base; path = Base.lproj/Main_iPad.storyboard; sourceTree = "<group>"; };
		9AA20B181C0A36B5007F4B20 /* 0.png */ = {isa = PBXFileReference; lastKnownFileType = image.png; path = 0.png; sourceTree = "<group>"; };
		9AA20B191C0A36B5007F4B20 /* 1.png */ = {isa = PBXFileReference; lastKnownFileType = image.png; path = 1.png; sourceTree = "<group>"; };
		9AA20B1A1C0A36B5007F4B20 /* 2.png */ = {isa = PBXFileReference; lastKnownFileType = image.png; path = 2.png; sourceTree = "<group>"; };
		9AA20B1B1C0A36B5007F4B20 /* 3.png */ = {isa = PBXFileReference; lastKnownFileType = image.png; path = 3.png; sourceTree = "<group>"; };
		9AA20B1C1C0A36B5007F4B20 /* 4.png */ = {isa = PBXFileReference; lastKnownFileType = image.png; path = 4.png; sourceTree = "<group>"; };
		9AA20B1D1C0A36B5007F4B20 /* 5.png */ = {isa = PBXFileReference; lastKnownFileType = image.png; path = 5.png; sourceTree = "<group>"; };
		9AA20B1E1C0A36B5007F4B20 /* 6.png */ = {isa = PBXFileReference; lastKnownFileType = image.png; path = 6.png; sourceTree = "<group>"; };
		9AA20B1F1C0A36B5007F4B20 /* 7.png */ = {isa = PBXFileReference; lastKnownFileType = image.png; path = 7.png; sourceTree = "<group>"; };
		9AA20B201C0A36B5007F4B20 /* 8.png */ = {isa = PBXFileReference; lastKnownFileType = image.png; path = 8.png; sourceTree = "<group>"; };
		9AA20B211C0A36B5007F4B20 /* 9.png */ = {isa = PBXFileReference; lastKnownFileType = image.png; path = 9.png; sourceTree = "<group>"; };
		9AA20B221C0A36B5007F4B20 /* gray_paper.png */ = {isa = PBXFileReference; lastKnownFileType = image.png; path = gray_paper.png; sourceTree = "<group>"; };
		9AA20B231C0A36B5007F4B20 /* green_paper.png */ = {isa = PBXFileReference; lastKnownFileType = image.png; path = green_paper.png; sourceTree = "<group>"; };
		9AA20B241C0A36B5007F4B20 /* levelsign.png */ = {isa = PBXFileReference; lastKnownFileType = image.png; path = levelsign.png; sourceTree = "<group>"; };
		9AA20B251C0A36B5007F4B20 /* orange_paper.png */ = {isa = PBXFileReference; lastKnownFileType = image.png; path = orange_paper.png; sourceTree = "<group>"; };
		9AA20B261C0A36B5007F4B20 /* plus.png */ = {isa = PBXFileReference; lastKnownFileType = image.png; path = plus.png; sourceTree = "<group>"; };
		9AC9A6321C2DFB4A00422D14 /* level1.txt */ = {isa = PBXFileReference; fileEncoding = 4; lastKnownFileType = text; path = level1.txt; sourceTree = "<group>"; };
		9AC9A6331C2DFB4A00422D14 /* level10.txt */ = {isa = PBXFileReference; fileEncoding = 4; lastKnownFileType = text; path = level10.txt; sourceTree = "<group>"; };
		9AC9A6341C2DFB4A00422D14 /* level11.txt */ = {isa = PBXFileReference; fileEncoding = 4; lastKnownFileType = text; path = level11.txt; sourceTree = "<group>"; };
		9AC9A6351C2DFB4A00422D14 /* level12.txt */ = {isa = PBXFileReference; fileEncoding = 4; lastKnownFileType = text; path = level12.txt; sourceTree = "<group>"; };
		9AC9A6361C2DFB4A00422D14 /* level13.txt */ = {isa = PBXFileReference; fileEncoding = 4; lastKnownFileType = text; path = level13.txt; sourceTree = "<group>"; };
		9AC9A6371C2DFB4A00422D14 /* level14.txt */ = {isa = PBXFileReference; fileEncoding = 4; lastKnownFileType = text; path = level14.txt; sourceTree = "<group>"; };
		9AC9A6381C2DFB4A00422D14 /* level15.txt */ = {isa = PBXFileReference; fileEncoding = 4; lastKnownFileType = text; path = level15.txt; sourceTree = "<group>"; };
		9AC9A6391C2DFB4A00422D14 /* level16.txt */ = {isa = PBXFileReference; fileEncoding = 4; lastKnownFileType = text; path = level16.txt; sourceTree = "<group>"; };
		9AC9A63A1C2DFB4A00422D14 /* level2.txt */ = {isa = PBXFileReference; fileEncoding = 4; lastKnownFileType = text; path = level2.txt; sourceTree = "<group>"; };
		9AC9A63B1C2DFB4A00422D14 /* level3.txt */ = {isa = PBXFileReference; fileEncoding = 4; lastKnownFileType = text; path = level3.txt; sourceTree = "<group>"; };
		9AC9A63C1C2DFB4A00422D14 /* level4.txt */ = {isa = PBXFileReference; fileEncoding = 4; lastKnownFileType = text; path = level4.txt; sourceTree = "<group>"; };
		9AC9A63D1C2DFB4A00422D14 /* level5.txt */ = {isa = PBXFileReference; fileEncoding = 4; lastKnownFileType = text; path = level5.txt; sourceTree = "<group>"; };
		9AC9A63E1C2DFB4A00422D14 /* level6.txt */ = {isa = PBXFileReference; fileEncoding = 4; lastKnownFileType = text; path = level6.txt; sourceTree = "<group>"; };
		9AC9A63F1C2DFB4A00422D14 /* level7.txt */ = {isa = PBXFileReference; fileEncoding = 4; lastKnownFileType = text; path = level7.txt; sourceTree = "<group>"; };
		9AC9A6401C2DFB4A00422D14 /* level8.txt */ = {isa = PBXFileReference; fileEncoding = 4; lastKnownFileType = text; path = level8.txt; sourceTree = "<group>"; };
		9AC9A6411C2DFB4A00422D14 /* level9.txt */ = {isa = PBXFileReference; fileEncoding = 4; lastKnownFileType = text; path = level9.txt; sourceTree = "<group>"; };
		9ACF57491C2CA2570077CA28 /* GameScene.h */ = {isa = PBXFileReference; fileEncoding = 4; lastKnownFileType = sourcecode.c.h; path = GameScene.h; sourceTree = "<group>"; };
		9ACF574A1C2CA2570077CA28 /* GameScene.m */ = {isa = PBXFileReference; fileEncoding = 4; lastKnownFileType = sourcecode.c.objc; path = GameScene.m; sourceTree = "<group>"; };
		9ACF574C1C2CA2A60077CA28 /* SpriteKit.framework */ = {isa = PBXFileReference; lastKnownFileType = wrapper.framework; name = SpriteKit.framework; path = System/Library/Frameworks/SpriteKit.framework; sourceTree = SDKROOT; };
		9ACF574E1C2CAB7C0077CA28 /* pieces.atlas */ = {isa = PBXFileReference; lastKnownFileType = folder.skatlas; path = pieces.atlas; sourceTree = "<group>"; };
		9ADECEA61BF7EB4800EFD8AD /* Rail Shuffle.app */ = {isa = PBXFileReference; explicitFileType = wrapper.application; includeInIndex = 0; path = "Rail Shuffle.app"; sourceTree = BUILT_PRODUCTS_DIR; };
		9ADECEAA1BF7EB4800EFD8AD /* main.m */ = {isa = PBXFileReference; lastKnownFileType = sourcecode.c.objc; path = main.m; sourceTree = "<group>"; };
		9ADECEAC1BF7EB4800EFD8AD /* AppDelegate.h */ = {isa = PBXFileReference; lastKnownFileType = sourcecode.c.h; path = AppDelegate.h; sourceTree = "<group>"; };
		9ADECEAD1BF7EB4800EFD8AD /* AppDelegate.m */ = {isa = PBXFileReference; lastKnownFileType = sourcecode.c.objc; path = AppDelegate.m; sourceTree = "<group>"; };
		9ADECEAF1BF7EB4800EFD8AD /* ViewController.h */ = {isa = PBXFileReference; lastKnownFileType = sourcecode.c.h; path = ViewController.h; sourceTree = "<group>"; };
		9ADECEB01BF7EB4800EFD8AD /* ViewController.m */ = {isa = PBXFileReference; lastKnownFileType = sourcecode.c.objc; path = ViewController.m; sourceTree = "<group>"; };
		9ADECEB31BF7EB4800EFD8AD /* Base */ = {isa = PBXFileReference; lastKnownFileType = file.storyboard; name = Base; path = Base.lproj/Main.storyboard; sourceTree = "<group>"; };
		9ADECEB51BF7EB4800EFD8AD /* Assets.xcassets */ = {isa = PBXFileReference; lastKnownFileType = folder.assetcatalog; path = Assets.xcassets; sourceTree = "<group>"; };
		9ADECEB81BF7EB4800EFD8AD /* Base */ = {isa = PBXFileReference; lastKnownFileType = file.storyboard; name = Base; path = Base.lproj/LaunchScreen.storyboard; sourceTree = "<group>"; };
		9ADECEBA1BF7EB4800EFD8AD /* Info.plist */ = {isa = PBXFileReference; lastKnownFileType = text.plist.xml; path = Info.plist; sourceTree = "<group>"; };
		9ADECEC11BF7EC1900EFD8AD /* intro.png */ = {isa = PBXFileReference; lastKnownFileType = image.png; path = intro.png; sourceTree = "<group>"; };
		9ADECEC21BF7EC1900EFD8AD /* intro@2x.png */ = {isa = PBXFileReference; lastKnownFileType = image.png; path = "intro@2x.png"; sourceTree = "<group>"; };
		9ADECEC31BF7EC1900EFD8AD /* intro_iphone.png */ = {isa = PBXFileReference; lastKnownFileType = image.png; path = intro_iphone.png; sourceTree = "<group>"; };
		9ADECEC41BF7EC1900EFD8AD /* intro_iphone@2x.png */ = {isa = PBXFileReference; lastKnownFileType = image.png; path = "intro_iphone@2x.png"; sourceTree = "<group>"; };
		9ADECEC91BF7EC8300EFD8AD /* checkbox.png */ = {isa = PBXFileReference; lastKnownFileType = image.png; path = checkbox.png; sourceTree = "<group>"; };
		9ADECECA1BF7EC8300EFD8AD /* helpbutton.png */ = {isa = PBXFileReference; lastKnownFileType = image.png; path = helpbutton.png; sourceTree = "<group>"; };
		9ADECECB1BF7EC8300EFD8AD /* letter_e.png */ = {isa = PBXFileReference; lastKnownFileType = image.png; path = letter_e.png; sourceTree = "<group>"; };
		9ADECECC1BF7EC8300EFD8AD /* letter_f.png */ = {isa = PBXFileReference; lastKnownFileType = image.png; path = letter_f.png; sourceTree = "<group>"; };
		9ADECECD1BF7EC8300EFD8AD /* letter_h.png */ = {isa = PBXFileReference; lastKnownFileType = image.png; path = letter_h.png; sourceTree = "<group>"; };
		9ADECECE1BF7EC8300EFD8AD /* letter_l.png */ = {isa = PBXFileReference; lastKnownFileType = image.png; path = letter_l.png; sourceTree = "<group>"; };
		9ADECECF1BF7EC8300EFD8AD /* letter_s.png */ = {isa = PBXFileReference; lastKnownFileType = image.png; path = letter_s.png; sourceTree = "<group>"; };
		9ADECED01BF7EC8300EFD8AD /* letter_u.png */ = {isa = PBXFileReference; lastKnownFileType = image.png; path = letter_u.png; sourceTree = "<group>"; };
		9ADECED91BF7ED0C00EFD8AD /* musicbutton.png */ = {isa = PBXFileReference; lastKnownFileType = image.png; path = musicbutton.png; sourceTree = "<group>"; };
		9ADECEDA1BF7ED0C00EFD8AD /* playbutton.png */ = {isa = PBXFileReference; lastKnownFileType = image.png; path = playbutton.png; sourceTree = "<group>"; };
		9ADECEDB1BF7ED0C00EFD8AD /* raillogo.png */ = {isa = PBXFileReference; lastKnownFileType = image.png; path = raillogo.png; sourceTree = "<group>"; };
		9AE349621C2A0913002E4FCC /* Default-Landscape.png */ = {isa = PBXFileReference; lastKnownFileType = image.png; path = "Default-Landscape.png"; sourceTree = "<group>"; };
		9AE349631C2A0913002E4FCC /* Default-Portrait.png */ = {isa = PBXFileReference; lastKnownFileType = image.png; path = "Default-Portrait.png"; sourceTree = "<group>"; };
		9AE349641C2A0913002E4FCC /* Default.png */ = {isa = PBXFileReference; lastKnownFileType = image.png; path = Default.png; sourceTree = "<group>"; };
		9AE349651C2A0913002E4FCC /* Default@2x.png */ = {isa = PBXFileReference; lastKnownFileType = image.png; path = "Default@2x.png"; sourceTree = "<group>"; };
		9AE3496A1C2A0AB8002E4FCC /* splash-iphone.png */ = {isa = PBXFileReference; lastKnownFileType = image.png; path = "splash-iphone.png"; sourceTree = "<group>"; };
/* End PBXFileReference section */

/* Begin PBXFrameworksBuildPhase section */
		9A4DC3791C36D38D00075720 /* Frameworks */ = {
			isa = PBXFrameworksBuildPhase;
			buildActionMask = 2147483647;
			files = (
				9A4DC37A1C36D38D00075720 /* SpriteKit.framework in Frameworks */,
			);
			runOnlyForDeploymentPostprocessing = 0;
		};
		9ADECEA31BF7EB4800EFD8AD /* Frameworks */ = {
			isa = PBXFrameworksBuildPhase;
			buildActionMask = 2147483647;
			files = (
				9ACF574D1C2CA2A60077CA28 /* SpriteKit.framework in Frameworks */,
			);
			runOnlyForDeploymentPostprocessing = 0;
		};
/* End PBXFrameworksBuildPhase section */

/* Begin PBXGroup section */
		9A02F8DE1BF8D4EB00BC136E /* HTML */ = {
			isa = PBXGroup;
			children = (
				9A02F8DF1BF8D4EB00BC136E /* bwbanner.png */,
				9A02F8E01BF8D4EB00BC136E /* bwcartbag.png */,
				9A02F8E11BF8D4EB00BC136E /* bwexample1.png */,
				9A02F8E21BF8D4EB00BC136E /* bwicon.png */,
				9A02F8E31BF8D4EB00BC136E /* bwlogo.png */,
				9A02F8E41BF8D4EB00BC136E /* bwtimesign.png */,
				9A02F8E51BF8D4EB00BC136E /* endnote.png */,
				9A02F8E61BF8D4EB00BC136E /* help-iPhone.html */,
				9A02F8E71BF8D4EB00BC136E /* help.html */,
				9A02F8E81BF8D4EB00BC136E /* leftmargin-iPhone.png */,
				9A02F8E91BF8D4EB00BC136E /* leftmargin.png */,
				9A02F8EA1BF8D4EB00BC136E /* rightmargin-iPhone.png */,
				9A02F8EB1BF8D4EB00BC136E /* rightmargin.png */,
				9A02F8FB1BF8D4EB00BC136E /* styles-iPhone.css */,
				9A02F8FC1BF8D4EB00BC136E /* styles.css */,
			);
			path = HTML;
			sourceTree = "<group>";
		};
		9A4DC3DF1C36DE8400075720 /* HTML-lite */ = {
			isa = PBXGroup;
			children = (
				9A4DC3E01C36DE8400075720 /* help-iPhone.html */,
				9A4DC3E11C36DE8400075720 /* help.html */,
			);
			name = "HTML-lite";
			path = "RailShuffle/HTML-lite";
			sourceTree = SOURCE_ROOT;
		};
		9A6DD34D1C021D66007353E7 /* sound */ = {
			isa = PBXGroup;
			children = (
				9A6DD34E1C021D66007353E7 /* chime.wav */,
				9A6DD34F1C021D66007353E7 /* clementine.mp3 */,
				9A6DD3501C021D66007353E7 /* click.wav */,
				9A6DD3511C021D66007353E7 /* crash.wav */,
				9A6DD3521C021D66007353E7 /* fanfare.wav */,
				9A6DD3531C021D66007353E7 /* gong.wav */,
				9A6DD3541C021D66007353E7 /* mountain.mp3 */,
				9A6DD3551C021D66007353E7 /* sad.wav */,
				9A6DD3561C021D66007353E7 /* slide.wav */,
				9A6DD3571C021D66007353E7 /* susanna.mp3 */,
				9A6DD3581C021D66007353E7 /* yankee.mp3 */,
			);
			path = sound;
			sourceTree = "<group>";
		};
		9AC9A6311C2DFB4A00422D14 /* levels */ = {
			isa = PBXGroup;
			children = (
				9AC9A6321C2DFB4A00422D14 /* level1.txt */,
				9AC9A6331C2DFB4A00422D14 /* level10.txt */,
				9AC9A6341C2DFB4A00422D14 /* level11.txt */,
				9AC9A6351C2DFB4A00422D14 /* level12.txt */,
				9AC9A6361C2DFB4A00422D14 /* level13.txt */,
				9AC9A6371C2DFB4A00422D14 /* level14.txt */,
				9AC9A6381C2DFB4A00422D14 /* level15.txt */,
				9AC9A6391C2DFB4A00422D14 /* level16.txt */,
				9AC9A63A1C2DFB4A00422D14 /* level2.txt */,
				9AC9A63B1C2DFB4A00422D14 /* level3.txt */,
				9AC9A63C1C2DFB4A00422D14 /* level4.txt */,
				9AC9A63D1C2DFB4A00422D14 /* level5.txt */,
				9AC9A63E1C2DFB4A00422D14 /* level6.txt */,
				9AC9A63F1C2DFB4A00422D14 /* level7.txt */,
				9AC9A6401C2DFB4A00422D14 /* level8.txt */,
				9AC9A6411C2DFB4A00422D14 /* level9.txt */,
			);
			path = levels;
			sourceTree = "<group>";
		};
		9ADECE9D1BF7EB4800EFD8AD = {
			isa = PBXGroup;
			children = (
				9ACF574C1C2CA2A60077CA28 /* SpriteKit.framework */,
				9ADECEA81BF7EB4800EFD8AD /* RailShuffle */,
				9ADECEA71BF7EB4800EFD8AD /* Products */,
				9A4DC3DC1C36D38D00075720 /* RailsLite-Info.plist */,
			);
			sourceTree = "<group>";
		};
		9ADECEA71BF7EB4800EFD8AD /* Products */ = {
			isa = PBXGroup;
			children = (
				9ADECEA61BF7EB4800EFD8AD /* Rail Shuffle.app */,
				9A4DC3DB1C36D38D00075720 /* Rails Lite.app */,
			);
			name = Products;
			sourceTree = "<group>";
		};
		9ADECEA81BF7EB4800EFD8AD /* RailShuffle */ = {
			isa = PBXGroup;
			children = (
				9AC9A6311C2DFB4A00422D14 /* levels */,
				9ACF574E1C2CAB7C0077CA28 /* pieces.atlas */,
				9A6DD34D1C021D66007353E7 /* sound */,
				9A02F8DE1BF8D4EB00BC136E /* HTML */,
				9A4DC3DF1C36DE8400075720 /* HTML-lite */,
				9ADECEC01BF7EC1900EFD8AD /* images */,
				9ADECEAC1BF7EB4800EFD8AD /* AppDelegate.h */,
				9ADECEAD1BF7EB4800EFD8AD /* AppDelegate.m */,
				9ADECEAF1BF7EB4800EFD8AD /* ViewController.h */,
				9ADECEB01BF7EB4800EFD8AD /* ViewController.m */,
				9A02F8D91BF8AC8C00BC136E /* HelpViewController.h */,
				9A02F8DA1BF8AC8C00BC136E /* HelpViewController.m */,
				9A6DD3641C021DFC007353E7 /* SoundPlayer.h */,
				9A6DD3651C021DFC007353E7 /* SoundPlayer.m */,
				9ACF57491C2CA2570077CA28 /* GameScene.h */,
				9ACF574A1C2CA2570077CA28 /* GameScene.m */,
				9A11C36E1C2ECCB20002695D /* Cart.h */,
				9A11C36F1C2ECCB20002695D /* Cart.m */,
				9A590CF91C330D630024992F /* starburst.sks */,
				9A289B271C3481D90049267D /* smoke.sks */,
				9A289B281C3481D90049267D /* spark.png */,
				9A289B2B1C3483400049267D /* flames.sks */,
				9A289B2D1C348B230049267D /* shards.sks */,
				9A4DC36E1C36BC5600075720 /* landing.sks */,
				9ADECEB21BF7EB4800EFD8AD /* Main.storyboard */,
				9A6DE0151BF7F23B009174C4 /* Main_iPad.storyboard */,
				9ADECEB51BF7EB4800EFD8AD /* Assets.xcassets */,
				9ADECEB71BF7EB4800EFD8AD /* LaunchScreen.storyboard */,
				9ADECEBA1BF7EB4800EFD8AD /* Info.plist */,
				9ADECEA91BF7EB4800EFD8AD /* Supporting Files */,
			);
			path = RailShuffle;
			sourceTree = "<group>";
		};
		9ADECEA91BF7EB4800EFD8AD /* Supporting Files */ = {
			isa = PBXGroup;
			children = (
				9ADECEAA1BF7EB4800EFD8AD /* main.m */,
			);
			name = "Supporting Files";
			sourceTree = "<group>";
		};
		9ADECEC01BF7EC1900EFD8AD /* images */ = {
			isa = PBXGroup;
			children = (
				9A4DC3DD1C36DA7A00075720 /* banner.png */,
				9A590CF51C330D270024992F /* star0.png */,
				9A590CF61C330D270024992F /* star0@2x.png */,
				9A222CF11C2C931D000AECF6 /* Default-568h@2x.png */,
				9AE3496A1C2A0AB8002E4FCC /* splash-iphone.png */,
				9AE349621C2A0913002E4FCC /* Default-Landscape.png */,
				9AE349631C2A0913002E4FCC /* Default-Portrait.png */,
				9AE349641C2A0913002E4FCC /* Default.png */,
				9AE349651C2A0913002E4FCC /* Default@2x.png */,
				9AA20B181C0A36B5007F4B20 /* 0.png */,
				9AA20B191C0A36B5007F4B20 /* 1.png */,
				9AA20B1A1C0A36B5007F4B20 /* 2.png */,
				9AA20B1B1C0A36B5007F4B20 /* 3.png */,
				9AA20B1C1C0A36B5007F4B20 /* 4.png */,
				9AA20B1D1C0A36B5007F4B20 /* 5.png */,
				9AA20B1E1C0A36B5007F4B20 /* 6.png */,
				9AA20B1F1C0A36B5007F4B20 /* 7.png */,
				9AA20B201C0A36B5007F4B20 /* 8.png */,
				9AA20B211C0A36B5007F4B20 /* 9.png */,
				9AA20B221C0A36B5007F4B20 /* gray_paper.png */,
				9AA20B231C0A36B5007F4B20 /* green_paper.png */,
				9AA20B241C0A36B5007F4B20 /* levelsign.png */,
				9AA20B251C0A36B5007F4B20 /* orange_paper.png */,
				9AA20B261C0A36B5007F4B20 /* plus.png */,
				9A02F8DC1BF8ADE800BC136E /* backbutton.png */,
				9ADECED91BF7ED0C00EFD8AD /* musicbutton.png */,
				9ADECEDA1BF7ED0C00EFD8AD /* playbutton.png */,
				9ADECEDB1BF7ED0C00EFD8AD /* raillogo.png */,
				9ADECEC91BF7EC8300EFD8AD /* checkbox.png */,
				9ADECECA1BF7EC8300EFD8AD /* helpbutton.png */,
				9ADECECB1BF7EC8300EFD8AD /* letter_e.png */,
				9ADECECC1BF7EC8300EFD8AD /* letter_f.png */,
				9ADECECD1BF7EC8300EFD8AD /* letter_h.png */,
				9ADECECE1BF7EC8300EFD8AD /* letter_l.png */,
				9ADECECF1BF7EC8300EFD8AD /* letter_s.png */,
				9ADECED01BF7EC8300EFD8AD /* letter_u.png */,
				9ADECEC11BF7EC1900EFD8AD /* intro.png */,
				9ADECEC21BF7EC1900EFD8AD /* intro@2x.png */,
				9ADECEC31BF7EC1900EFD8AD /* intro_iphone.png */,
				9ADECEC41BF7EC1900EFD8AD /* intro_iphone@2x.png */,
			);
			path = images;
			sourceTree = "<group>";
		};
/* End PBXGroup section */

/* Begin PBXNativeTarget section */
		9A4DC3701C36D38D00075720 /* Rails Lite */ = {
			isa = PBXNativeTarget;
			buildConfigurationList = 9A4DC3D81C36D38D00075720 /* Build configuration list for PBXNativeTarget "Rails Lite" */;
			buildPhases = (
				9A4DC3711C36D38D00075720 /* Sources */,
				9A4DC3791C36D38D00075720 /* Frameworks */,
				9A4DC37B1C36D38D00075720 /* Resources */,
			);
			buildRules = (
			);
			dependencies = (
			);
			name = "Rails Lite";
			productName = RailShuffle;
			productReference = 9A4DC3DB1C36D38D00075720 /* Rails Lite.app */;
			productType = "com.apple.product-type.application";
		};
		9ADECEA51BF7EB4800EFD8AD /* Rail Shuffle */ = {
			isa = PBXNativeTarget;
			buildConfigurationList = 9ADECEBD1BF7EB4800EFD8AD /* Build configuration list for PBXNativeTarget "Rail Shuffle" */;
			buildPhases = (
				9ADECEA21BF7EB4800EFD8AD /* Sources */,
				9ADECEA31BF7EB4800EFD8AD /* Frameworks */,
				9ADECEA41BF7EB4800EFD8AD /* Resources */,
			);
			buildRules = (
			);
			dependencies = (
			);
			name = "Rail Shuffle";
			productName = RailShuffle;
			productReference = 9ADECEA61BF7EB4800EFD8AD /* Rail Shuffle.app */;
			productType = "com.apple.product-type.application";
		};
/* End PBXNativeTarget section */

/* Begin PBXProject section */
		9ADECE9E1BF7EB4800EFD8AD /* Project object */ = {
			isa = PBXProject;
			attributes = {
				LastUpgradeCheck = 0710;
				ORGANIZATIONNAME = Karl;
				TargetAttributes = {
					9ADECEA51BF7EB4800EFD8AD = {
						CreatedOnToolsVersion = 7.1;
						DevelopmentTeam = Q5HHAHTS7L;
					};
				};
			};
			buildConfigurationList = 9ADECEA11BF7EB4800EFD8AD /* Build configuration list for PBXProject "RailShuffle" */;
			compatibilityVersion = "Xcode 3.2";
			developmentRegion = English;
			hasScannedForEncodings = 0;
			knownRegions = (
				en,
				Base,
			);
			mainGroup = 9ADECE9D1BF7EB4800EFD8AD;
			productRefGroup = 9ADECEA71BF7EB4800EFD8AD /* Products */;
			projectDirPath = "";
			projectRoot = "";
			targets = (
				9ADECEA51BF7EB4800EFD8AD /* Rail Shuffle */,
				9A4DC3701C36D38D00075720 /* Rails Lite */,
			);
		};
/* End PBXProject section */

/* Begin PBXResourcesBuildPhase section */
		9A4DC37B1C36D38D00075720 /* Resources */ = {
			isa = PBXResourcesBuildPhase;
			buildActionMask = 2147483647;
			files = (
				9A4DC37C1C36D38D00075720 /* 8.png in Resources */,
				9A4DC37D1C36D38D00075720 /* level9.txt in Resources */,
				9A4DC37E1C36D38D00075720 /* level3.txt in Resources */,
				9A4DC37F1C36D38D00075720 /* sad.wav in Resources */,
				9A4DC3801C36D38D00075720 /* shards.sks in Resources */,
				9A4DC3821C36D38D00075720 /* Default.png in Resources */,
				9A4DC3831C36D38D00075720 /* level5.txt in Resources */,
				9A4DC3841C36D38D00075720 /* spark.png in Resources */,
				9A4DC3851C36D38D00075720 /* intro_iphone@2x.png in Resources */,
				9A4DC3861C36D38D00075720 /* playbutton.png in Resources */,
				9A4DC3871C36D38D00075720 /* landing.sks in Resources */,
				9A4DC3881C36D38D00075720 /* crash.wav in Resources */,
				9A4DC3891C36D38D00075720 /* clementine.mp3 in Resources */,
				9A4DC38A1C36D38D00075720 /* susanna.mp3 in Resources */,
				9A4DC3E21C36DE8400075720 /* help-iPhone.html in Resources */,
				9A4DC38B1C36D38D00075720 /* yankee.mp3 in Resources */,
				9A4DC38C1C36D38D00075720 /* 9.png in Resources */,
				9A4DC38D1C36D38D00075720 /* Main_iPad.storyboard in Resources */,
				9A4DC38E1C36D38D00075720 /* 1.png in Resources */,
				9A4DC38F1C36D38D00075720 /* intro.png in Resources */,
				9A4DC3901C36D38D00075720 /* letter_u.png in Resources */,
				9A4DC3911C36D38D00075720 /* star0.png in Resources */,
				9A4DC3921C36D38D00075720 /* level2.txt in Resources */,
				9A4DC3931C36D38D00075720 /* level13.txt in Resources */,
				9A4DC3941C36D38D00075720 /* gong.wav in Resources */,
				9A4DC3951C36D38D00075720 /* level11.txt in Resources */,
				9A4DC3961C36D38D00075720 /* bwcartbag.png in Resources */,
				9A4DC3971C36D38D00075720 /* Default@2x.png in Resources */,
				9A4DC3981C36D38D00075720 /* letter_h.png in Resources */,
				9A4DC3991C36D38D00075720 /* leftmargin.png in Resources */,
				9A4DC39A1C36D38D00075720 /* LaunchScreen.storyboard in Resources */,
				9A4DC39B1C36D38D00075720 /* Assets.xcassets in Resources */,
				9A4DC39C1C36D38D00075720 /* rightmargin.png in Resources */,
				9A4DC39D1C36D38D00075720 /* level6.txt in Resources */,
				9A4DC39E1C36D38D00075720 /* bwlogo.png in Resources */,
				9A4DC39F1C36D38D00075720 /* letter_s.png in Resources */,
				9A4DC3A01C36D38D00075720 /* splash-iphone.png in Resources */,
				9A4DC3A11C36D38D00075720 /* levelsign.png in Resources */,
				9A4DC3A21C36D38D00075720 /* 4.png in Resources */,
				9A4DC3A31C36D38D00075720 /* letter_f.png in Resources */,
				9A4DC3A51C36D38D00075720 /* backbutton.png in Resources */,
				9A4DC3A61C36D38D00075720 /* smoke.sks in Resources */,
				9A4DC3A71C36D38D00075720 /* styles.css in Resources */,
				9A4DC3A81C36D38D00075720 /* mountain.mp3 in Resources */,
				9A4DC3A91C36D38D00075720 /* 7.png in Resources */,
				9A4DC3AA1C36D38D00075720 /* intro@2x.png in Resources */,
				9A4DC3AB1C36D38D00075720 /* raillogo.png in Resources */,
				9A4DC3AC1C36D38D00075720 /* Main.storyboard in Resources */,
				9A4DC3AD1C36D38D00075720 /* plus.png in Resources */,
				9A4DC3AE1C36D38D00075720 /* level10.txt in Resources */,
				9A4DC3AF1C36D38D00075720 /* starburst.sks in Resources */,
				9A4DC3E41C36E0BA00075720 /* banner.png in Resources */,
				9A4DC3B01C36D38D00075720 /* slide.wav in Resources */,
				9A4DC3B11C36D38D00075720 /* 2.png in Resources */,
				9A4DC3B21C36D38D00075720 /* bwtimesign.png in Resources */,
				9A4DC3B31C36D38D00075720 /* endnote.png in Resources */,
				9A4DC3B41C36D38D00075720 /* 6.png in Resources */,
				9A4DC3B51C36D38D00075720 /* green_paper.png in Resources */,
				9A4DC3E31C36DE8400075720 /* help.html in Resources */,
				9A4DC3B61C36D38D00075720 /* rightmargin-iPhone.png in Resources */,
				9A4DC3B71C36D38D00075720 /* level14.txt in Resources */,
				9A4DC3B81C36D38D00075720 /* bwbanner.png in Resources */,
				9A4DC3B91C36D38D00075720 /* checkbox.png in Resources */,
				9A4DC3BA1C36D38D00075720 /* 5.png in Resources */,
				9A4DC3BB1C36D38D00075720 /* level1.txt in Resources */,
				9A4DC3BC1C36D38D00075720 /* letter_e.png in Resources */,
				9A4DC3BD1C36D38D00075720 /* level4.txt in Resources */,
				9A4DC3BE1C36D38D00075720 /* level12.txt in Resources */,
				9A4DC3BF1C36D38D00075720 /* level8.txt in Resources */,
				9A4DC3C01C36D38D00075720 /* chime.wav in Resources */,
				9A4DC3C11C36D38D00075720 /* click.wav in Resources */,
				9A4DC3C21C36D38D00075720 /* Default-Portrait.png in Resources */,
				9A4DC3C31C36D38D00075720 /* flames.sks in Resources */,
				9A4DC3C41C36D38D00075720 /* level15.txt in Resources */,
				9A4DC3C51C36D38D00075720 /* bwexample1.png in Resources */,
				9A4DC3C61C36D38D00075720 /* level16.txt in Resources */,
				9A4DC3C71C36D38D00075720 /* 0.png in Resources */,
				9A4DC3C81C36D38D00075720 /* level7.txt in Resources */,
				9A4DC3C91C36D38D00075720 /* gray_paper.png in Resources */,
				9A4DC3CA1C36D38D00075720 /* helpbutton.png in Resources */,
				9A4DC3CB1C36D38D00075720 /* leftmargin-iPhone.png in Resources */,
				9A4DC3CC1C36D38D00075720 /* fanfare.wav in Resources */,
				9A4DC3CD1C36D38D00075720 /* letter_l.png in Resources */,
				9A4DC3CE1C36D38D00075720 /* 3.png in Resources */,
				9A4DC3CF1C36D38D00075720 /* star0@2x.png in Resources */,
				9A4DC3D01C36D38D00075720 /* Default-568h@2x.png in Resources */,
				9A4DC3D11C36D38D00075720 /* intro_iphone.png in Resources */,
				9A4DC3D21C36D38D00075720 /* styles-iPhone.css in Resources */,
				9A4DC3D31C36D38D00075720 /* musicbutton.png in Resources */,
				9A4DC3D41C36D38D00075720 /* pieces.atlas in Resources */,
				9A4DC3D51C36D38D00075720 /* Default-Landscape.png in Resources */,
				9A4DC3D61C36D38D00075720 /* orange_paper.png in Resources */,
				9A4DC3D71C36D38D00075720 /* bwicon.png in Resources */,
			);
			runOnlyForDeploymentPostprocessing = 0;
		};
		9ADECEA41BF7EB4800EFD8AD /* Resources */ = {
			isa = PBXResourcesBuildPhase;
			buildActionMask = 2147483647;
			files = (
				9AA20B2F1C0A36B5007F4B20 /* 8.png in Resources */,
				9AC9A6511C2DFB4A00422D14 /* level9.txt in Resources */,
				9AC9A64B1C2DFB4A00422D14 /* level3.txt in Resources */,
				9A6DD3601C021D66007353E7 /* sad.wav in Resources */,
				9A289B2E1C348B230049267D /* shards.sks in Resources */,
				9A02F9041BF8D4EB00BC136E /* help-iPhone.html in Resources */,
				9AE349681C2A0913002E4FCC /* Default.png in Resources */,
				9AC9A64D1C2DFB4A00422D14 /* level5.txt in Resources */,
				9A289B2A1C3481D90049267D /* spark.png in Resources */,
				9ADECEC81BF7EC1900EFD8AD /* intro_iphone@2x.png in Resources */,
				9ADECEDD1BF7ED0C00EFD8AD /* playbutton.png in Resources */,
				9A4DC36F1C36BC5600075720 /* landing.sks in Resources */,
				9A6DD35C1C021D66007353E7 /* crash.wav in Resources */,
				9A6DD35A1C021D66007353E7 /* clementine.mp3 in Resources */,
				9A6DD3621C021D66007353E7 /* susanna.mp3 in Resources */,
				9A6DD3631C021D66007353E7 /* yankee.mp3 in Resources */,
				9AA20B301C0A36B5007F4B20 /* 9.png in Resources */,
				9A6DE0171BF7F23B009174C4 /* Main_iPad.storyboard in Resources */,
				9AA20B281C0A36B5007F4B20 /* 1.png in Resources */,
				9ADECEC51BF7EC1900EFD8AD /* intro.png in Resources */,
				9ADECED81BF7EC8300EFD8AD /* letter_u.png in Resources */,
				9A590CF71C330D270024992F /* star0.png in Resources */,
				9AC9A64A1C2DFB4A00422D14 /* level2.txt in Resources */,
				9AC9A6461C2DFB4A00422D14 /* level13.txt in Resources */,
				9A6DD35E1C021D66007353E7 /* gong.wav in Resources */,
				9AC9A6441C2DFB4A00422D14 /* level11.txt in Resources */,
				9A02F8FE1BF8D4EB00BC136E /* bwcartbag.png in Resources */,
				9AE349691C2A0913002E4FCC /* Default@2x.png in Resources */,
				9ADECED51BF7EC8300EFD8AD /* letter_h.png in Resources */,
				9A02F9071BF8D4EB00BC136E /* leftmargin.png in Resources */,
				9ADECEB91BF7EB4800EFD8AD /* LaunchScreen.storyboard in Resources */,
				9ADECEB61BF7EB4800EFD8AD /* Assets.xcassets in Resources */,
				9A02F9091BF8D4EB00BC136E /* rightmargin.png in Resources */,
				9AC9A64E1C2DFB4A00422D14 /* level6.txt in Resources */,
				9A02F9011BF8D4EB00BC136E /* bwlogo.png in Resources */,
				9ADECED71BF7EC8300EFD8AD /* letter_s.png in Resources */,
				9AE3496B1C2A0AB8002E4FCC /* splash-iphone.png in Resources */,
				9AA20B331C0A36B5007F4B20 /* levelsign.png in Resources */,
				9AA20B2B1C0A36B5007F4B20 /* 4.png in Resources */,
				9ADECED41BF7EC8300EFD8AD /* letter_f.png in Resources */,
				9A02F9051BF8D4EB00BC136E /* help.html in Resources */,
				9A02F8DD1BF8ADE800BC136E /* backbutton.png in Resources */,
				9A289B291C3481D90049267D /* smoke.sks in Resources */,
				9A02F9191BF8D4EB00BC136E /* styles.css in Resources */,
				9A6DD35F1C021D66007353E7 /* mountain.mp3 in Resources */,
				9AA20B2E1C0A36B5007F4B20 /* 7.png in Resources */,
				9ADECEC61BF7EC1900EFD8AD /* intro@2x.png in Resources */,
				9ADECEDE1BF7ED0C00EFD8AD /* raillogo.png in Resources */,
				9ADECEB41BF7EB4800EFD8AD /* Main.storyboard in Resources */,
				9AA20B351C0A36B5007F4B20 /* plus.png in Resources */,
				9AC9A6431C2DFB4A00422D14 /* level10.txt in Resources */,
				9A4DC3DE1C36DA7A00075720 /* banner.png in Resources */,
				9A590CFB1C330D630024992F /* starburst.sks in Resources */,
				9A6DD3611C021D66007353E7 /* slide.wav in Resources */,
				9AA20B291C0A36B5007F4B20 /* 2.png in Resources */,
				9A02F9021BF8D4EB00BC136E /* bwtimesign.png in Resources */,
				9A02F9031BF8D4EB00BC136E /* endnote.png in Resources */,
				9AA20B2D1C0A36B5007F4B20 /* 6.png in Resources */,
				9AA20B321C0A36B5007F4B20 /* green_paper.png in Resources */,
				9A02F9081BF8D4EB00BC136E /* rightmargin-iPhone.png in Resources */,
				9AC9A6471C2DFB4A00422D14 /* level14.txt in Resources */,
				9A02F8FD1BF8D4EB00BC136E /* bwbanner.png in Resources */,
				9ADECED11BF7EC8300EFD8AD /* checkbox.png in Resources */,
				9AA20B2C1C0A36B5007F4B20 /* 5.png in Resources */,
				9AC9A6421C2DFB4A00422D14 /* level1.txt in Resources */,
				9ADECED31BF7EC8300EFD8AD /* letter_e.png in Resources */,
				9AC9A64C1C2DFB4A00422D14 /* level4.txt in Resources */,
				9AC9A6451C2DFB4A00422D14 /* level12.txt in Resources */,
				9AC9A6501C2DFB4A00422D14 /* level8.txt in Resources */,
				9A6DD3591C021D66007353E7 /* chime.wav in Resources */,
				9A6DD35B1C021D66007353E7 /* click.wav in Resources */,
				9AE349671C2A0913002E4FCC /* Default-Portrait.png in Resources */,
				9A289B2C1C3483400049267D /* flames.sks in Resources */,
				9AC9A6481C2DFB4A00422D14 /* level15.txt in Resources */,
				9A02F8FF1BF8D4EB00BC136E /* bwexample1.png in Resources */,
				9AC9A6491C2DFB4A00422D14 /* level16.txt in Resources */,
				9AA20B271C0A36B5007F4B20 /* 0.png in Resources */,
				9AC9A64F1C2DFB4A00422D14 /* level7.txt in Resources */,
				9AA20B311C0A36B5007F4B20 /* gray_paper.png in Resources */,
				9ADECED21BF7EC8300EFD8AD /* helpbutton.png in Resources */,
				9A02F9061BF8D4EB00BC136E /* leftmargin-iPhone.png in Resources */,
				9A6DD35D1C021D66007353E7 /* fanfare.wav in Resources */,
				9ADECED61BF7EC8300EFD8AD /* letter_l.png in Resources */,
				9AA20B2A1C0A36B5007F4B20 /* 3.png in Resources */,
				9A590CF81C330D270024992F /* star0@2x.png in Resources */,
				9A222CF21C2C931D000AECF6 /* Default-568h@2x.png in Resources */,
				9ADECEC71BF7EC1900EFD8AD /* intro_iphone.png in Resources */,
				9A02F9181BF8D4EB00BC136E /* styles-iPhone.css in Resources */,
				9ADECEDC1BF7ED0C00EFD8AD /* musicbutton.png in Resources */,
				9ACF574F1C2CAB7C0077CA28 /* pieces.atlas in Resources */,
				9AE349661C2A0913002E4FCC /* Default-Landscape.png in Resources */,
				9AA20B341C0A36B5007F4B20 /* orange_paper.png in Resources */,
				9A02F9001BF8D4EB00BC136E /* bwicon.png in Resources */,
			);
			runOnlyForDeploymentPostprocessing = 0;
		};
/* End PBXResourcesBuildPhase section */

/* Begin PBXSourcesBuildPhase section */
		9A4DC3711C36D38D00075720 /* Sources */ = {
			isa = PBXSourcesBuildPhase;
			buildActionMask = 2147483647;
			files = (
				9A4DC3721C36D38D00075720 /* Cart.m in Sources */,
				9A4DC3731C36D38D00075720 /* ViewController.m in Sources */,
				9A4DC3741C36D38D00075720 /* AppDelegate.m in Sources */,
				9A4DC3751C36D38D00075720 /* main.m in Sources */,
				9A4DC3761C36D38D00075720 /* SoundPlayer.m in Sources */,
				9A4DC3771C36D38D00075720 /* GameScene.m in Sources */,
				9A4DC3781C36D38D00075720 /* HelpViewController.m in Sources */,
			);
			runOnlyForDeploymentPostprocessing = 0;
		};
		9ADECEA21BF7EB4800EFD8AD /* Sources */ = {
			isa = PBXSourcesBuildPhase;
			buildActionMask = 2147483647;
			files = (
				9A11C3701C2ECCB20002695D /* Cart.m in Sources */,
				9ADECEB11BF7EB4800EFD8AD /* ViewController.m in Sources */,
				9ADECEAE1BF7EB4800EFD8AD /* AppDelegate.m in Sources */,
				9ADECEAB1BF7EB4800EFD8AD /* main.m in Sources */,
				9A6DD3661C021DFC007353E7 /* SoundPlayer.m in Sources */,
				9ACF574B1C2CA2570077CA28 /* GameScene.m in Sources */,
				9A02F8DB1BF8AC8C00BC136E /* HelpViewController.m in Sources */,
			);
			runOnlyForDeploymentPostprocessing = 0;
		};
/* End PBXSourcesBuildPhase section */

/* Begin PBXVariantGroup section */
		9A6DE0151BF7F23B009174C4 /* Main_iPad.storyboard */ = {
			isa = PBXVariantGroup;
			children = (
				9A6DE0161BF7F23B009174C4 /* Base */,
			);
			name = Main_iPad.storyboard;
			sourceTree = "<group>";
		};
		9ADECEB21BF7EB4800EFD8AD /* Main.storyboard */ = {
			isa = PBXVariantGroup;
			children = (
				9ADECEB31BF7EB4800EFD8AD /* Base */,
			);
			name = Main.storyboard;
			sourceTree = "<group>";
		};
		9ADECEB71BF7EB4800EFD8AD /* LaunchScreen.storyboard */ = {
			isa = PBXVariantGroup;
			children = (
				9ADECEB81BF7EB4800EFD8AD /* Base */,
			);
			name = LaunchScreen.storyboard;
			sourceTree = "<group>";
		};
/* End PBXVariantGroup section */

/* Begin XCBuildConfiguration section */
		9A4DC3D91C36D38D00075720 /* Debug */ = {
			isa = XCBuildConfiguration;
			buildSettings = {
				ASSETCATALOG_COMPILER_APPICON_NAME = "AppIcon-Lite";
				CODE_SIGN_IDENTITY = "iPhone Developer";
				"CODE_SIGN_IDENTITY[sdk=iphoneos*]" = "";
				GCC_PREPROCESSOR_DEFINITIONS = (
					"LITE=1",
					"$(inherited)",
				);
				INFOPLIST_FILE = "$(SRCROOT)/RailsLite-Info.plist";
				IPHONEOS_DEPLOYMENT_TARGET = 7.0;
				LD_RUNPATH_SEARCH_PATHS = "$(inherited) @executable_path/Frameworks";
				PRODUCT_BUNDLE_IDENTIFIER = com.eweguo.RailsLite;
				PRODUCT_NAME = "$(TARGET_NAME)";
				PROVISIONING_PROFILE = "864a191b-c438-484d-be52-a881dca56344";
			};
			name = Debug;
		};
		9A4DC3DA1C36D38D00075720 /* Release */ = {
			isa = XCBuildConfiguration;
			buildSettings = {
				ASSETCATALOG_COMPILER_APPICON_NAME = "AppIcon-Lite";
				CODE_SIGN_IDENTITY = "iPhone Developer";
				"CODE_SIGN_IDENTITY[sdk=iphoneos*]" = "iPhone Developer";
				GCC_PREPROCESSOR_DEFINITIONS = "LITE=1";
				INFOPLIST_FILE = "$(SRCROOT)/RailsLite-Info.plist";
				IPHONEOS_DEPLOYMENT_TARGET = 7.0;
				LD_RUNPATH_SEARCH_PATHS = "$(inherited) @executable_path/Frameworks";
				PRODUCT_BUNDLE_IDENTIFIER = com.eweguo.RailsLite;
				PRODUCT_NAME = "$(TARGET_NAME)";
				PROVISIONING_PROFILE = "";
			};
			name = Release;
		};
		9ADECEBB1BF7EB4800EFD8AD /* Debug */ = {
			isa = XCBuildConfiguration;
			buildSettings = {
				ALWAYS_SEARCH_USER_PATHS = NO;
				CLANG_CXX_LANGUAGE_STANDARD = "gnu++0x";
				CLANG_CXX_LIBRARY = "libc++";
				CLANG_ENABLE_MODULES = YES;
				CLANG_ENABLE_OBJC_ARC = YES;
				CLANG_WARN_BOOL_CONVERSION = YES;
				CLANG_WARN_CONSTANT_CONVERSION = YES;
				CLANG_WARN_DIRECT_OBJC_ISA_USAGE = YES_ERROR;
				CLANG_WARN_EMPTY_BODY = YES;
				CLANG_WARN_ENUM_CONVERSION = YES;
				CLANG_WARN_INT_CONVERSION = YES;
				CLANG_WARN_OBJC_ROOT_CLASS = YES_ERROR;
				CLANG_WARN_UNREACHABLE_CODE = YES;
				CLANG_WARN__DUPLICATE_METHOD_MATCH = YES;
				"CODE_SIGN_IDENTITY[sdk=iphoneos*]" = "iPhone Developer";
				COPY_PHASE_STRIP = NO;
				DEBUG_INFORMATION_FORMAT = dwarf;
				ENABLE_STRICT_OBJC_MSGSEND = YES;
				ENABLE_TESTABILITY = YES;
				GCC_C_LANGUAGE_STANDARD = gnu99;
				GCC_DYNAMIC_NO_PIC = NO;
				GCC_NO_COMMON_BLOCKS = YES;
				GCC_OPTIMIZATION_LEVEL = 0;
				GCC_PREPROCESSOR_DEFINITIONS = (
					"DEBUG=1",
					"$(inherited)",
				);
				GCC_WARN_64_TO_32_BIT_CONVERSION = YES;
				GCC_WARN_ABOUT_RETURN_TYPE = YES_ERROR;
				GCC_WARN_UNDECLARED_SELECTOR = YES;
				GCC_WARN_UNINITIALIZED_AUTOS = YES_AGGRESSIVE;
				GCC_WARN_UNUSED_FUNCTION = YES;
				GCC_WARN_UNUSED_VARIABLE = YES;
				IPHONEOS_DEPLOYMENT_TARGET = 7.0;
				MTL_ENABLE_DEBUG_INFO = YES;
				ONLY_ACTIVE_ARCH = YES;
				SDKROOT = iphoneos;
				TARGETED_DEVICE_FAMILY = "1,2";
			};
			name = Debug;
		};
		9ADECEBC1BF7EB4800EFD8AD /* Release */ = {
			isa = XCBuildConfiguration;
			buildSettings = {
				ALWAYS_SEARCH_USER_PATHS = NO;
				CLANG_CXX_LANGUAGE_STANDARD = "gnu++0x";
				CLANG_CXX_LIBRARY = "libc++";
				CLANG_ENABLE_MODULES = YES;
				CLANG_ENABLE_OBJC_ARC = YES;
				CLANG_WARN_BOOL_CONVERSION = YES;
				CLANG_WARN_CONSTANT_CONVERSION = YES;
				CLANG_WARN_DIRECT_OBJC_ISA_USAGE = YES_ERROR;
				CLANG_WARN_EMPTY_BODY = YES;
				CLANG_WARN_ENUM_CONVERSION = YES;
				CLANG_WARN_INT_CONVERSION = YES;
				CLANG_WARN_OBJC_ROOT_CLASS = YES_ERROR;
				CLANG_WARN_UNREACHABLE_CODE = YES;
				CLANG_WARN__DUPLICATE_METHOD_MATCH = YES;
				"CODE_SIGN_IDENTITY[sdk=iphoneos*]" = "iPhone Developer";
				COPY_PHASE_STRIP = NO;
				DEBUG_INFORMATION_FORMAT = "dwarf-with-dsym";
				ENABLE_NS_ASSERTIONS = NO;
				ENABLE_STRICT_OBJC_MSGSEND = YES;
				GCC_C_LANGUAGE_STANDARD = gnu99;
				GCC_NO_COMMON_BLOCKS = YES;
				GCC_WARN_64_TO_32_BIT_CONVERSION = YES;
				GCC_WARN_ABOUT_RETURN_TYPE = YES_ERROR;
				GCC_WARN_UNDECLARED_SELECTOR = YES;
				GCC_WARN_UNINITIALIZED_AUTOS = YES_AGGRESSIVE;
				GCC_WARN_UNUSED_FUNCTION = YES;
				GCC_WARN_UNUSED_VARIABLE = YES;
				IPHONEOS_DEPLOYMENT_TARGET = 7.0;
				MTL_ENABLE_DEBUG_INFO = NO;
				SDKROOT = iphoneos;
				TARGETED_DEVICE_FAMILY = "1,2";
				VALIDATE_PRODUCT = YES;
			};
			name = Release;
		};
		9ADECEBE1BF7EB4800EFD8AD /* Debug */ = {
			isa = XCBuildConfiguration;
			buildSettings = {
				ASSETCATALOG_COMPILER_APPICON_NAME = AppIcon;
				CODE_SIGN_IDENTITY = "iPhone Developer";
				"CODE_SIGN_IDENTITY[sdk=iphoneos*]" = "";
				INFOPLIST_FILE = RailShuffle/Info.plist;
				IPHONEOS_DEPLOYMENT_TARGET = 7.0;
				LD_RUNPATH_SEARCH_PATHS = "$(inherited) @executable_path/Frameworks";
				PRODUCT_BUNDLE_IDENTIFIER = com.eweguo.RailShuffle;
				PRODUCT_NAME = "$(TARGET_NAME)";
				PROVISIONING_PROFILE = "864a191b-c438-484d-be52-a881dca56344";
			};
			name = Debug;
		};
		9ADECEBF1BF7EB4800EFD8AD /* Release */ = {
			isa = XCBuildConfiguration;
			buildSettings = {
				ASSETCATALOG_COMPILER_APPICON_NAME = AppIcon;
				CODE_SIGN_IDENTITY = "iPhone Developer";
				"CODE_SIGN_IDENTITY[sdk=iphoneos*]" = "iPhone Developer";
				INFOPLIST_FILE = RailShuffle/Info.plist;
				IPHONEOS_DEPLOYMENT_TARGET = 7.0;
				LD_RUNPATH_SEARCH_PATHS = "$(inherited) @executable_path/Frameworks";
				PRODUCT_BUNDLE_IDENTIFIER = com.eweguo.RailShuffle;
				PRODUCT_NAME = "$(TARGET_NAME)";
				PROVISIONING_PROFILE = "";
			};
			name = Release;
		};
/* End XCBuildConfiguration section */

/* Begin XCConfigurationList section */
		9A4DC3D81C36D38D00075720 /* Build configuration list for PBXNativeTarget "Rails Lite" */ = {
			isa = XCConfigurationList;
			buildConfigurations = (
				9A4DC3D91C36D38D00075720 /* Debug */,
				9A4DC3DA1C36D38D00075720 /* Release */,
			);
			defaultConfigurationIsVisible = 0;
			defaultConfigurationName = Release;
		};
		9ADECEA11BF7EB4800EFD8AD /* Build configuration list for PBXProject "RailShuffle" */ = {
			isa = XCConfigurationList;
			buildConfigurations = (
				9ADECEBB1BF7EB4800EFD8AD /* Debug */,
				9ADECEBC1BF7EB4800EFD8AD /* Release */,
			);
			defaultConfigurationIsVisible = 0;
			defaultConfigurationName = Release;
		};
		9ADECEBD1BF7EB4800EFD8AD /* Build configuration list for PBXNativeTarget "Rail Shuffle" */ = {
			isa = XCConfigurationList;
			buildConfigurations = (
				9ADECEBE1BF7EB4800EFD8AD /* Debug */,
				9ADECEBF1BF7EB4800EFD8AD /* Release */,
			);
			defaultConfigurationIsVisible = 0;
			defaultConfigurationName = Release;
		};
/* End XCConfigurationList section */
	};
	rootObject = 9ADECE9E1BF7EB4800EFD8AD /* Project object */;
}
